// !$*UTF8*$!
{
	archiveVersion = 1;
	classes = {
	};
	objectVersion = 46;
	objects = {

/* Begin PBXBuildFile section */
		28C2F2E1D29CF617FF5AA986 /* libPods-PL_LOLUITests.a in Frameworks */ = {isa = PBXBuildFile; fileRef = 30F20FA95602052581141521 /* libPods-PL_LOLUITests.a */; };
		76A340F31F4565F500639F68 /* Assets.xcassets in Resources */ = {isa = PBXBuildFile; fileRef = 76A340F21F4565F500639F68 /* Assets.xcassets */; };
		76A341411F45912F00639F68 /* API.plist in Resources */ = {isa = PBXBuildFile; fileRef = 76A341401F45912F00639F68 /* API.plist */; };
		76A3414D1F45914400639F68 /* NSDate+time.m in Sources */ = {isa = PBXBuildFile; fileRef = 76A341441F45914400639F68 /* NSDate+time.m */; };
		76A3414E1F45914400639F68 /* NSMutableArray+array.m in Sources */ = {isa = PBXBuildFile; fileRef = 76A341461F45914400639F68 /* NSMutableArray+array.m */; };
		76A3414F1F45914400639F68 /* UIBarButtonItem+Extension.m in Sources */ = {isa = PBXBuildFile; fileRef = 76A341481F45914400639F68 /* UIBarButtonItem+Extension.m */; };
		76A341501F45914400639F68 /* UIImage+RenderingMode.m in Sources */ = {isa = PBXBuildFile; fileRef = 76A3414A1F45914400639F68 /* UIImage+RenderingMode.m */; };
		76A341511F45914400639F68 /* UIView+Frame.m in Sources */ = {isa = PBXBuildFile; fileRef = 76A3414C1F45914400639F68 /* UIView+Frame.m */; };
		76A341541F4591DC00639F68 /* CYConst.m in Sources */ = {isa = PBXBuildFile; fileRef = 76A341531F4591DC00639F68 /* CYConst.m */; };
		76A3415E1F45932800639F68 /* CYCacheTool.m in Sources */ = {isa = PBXBuildFile; fileRef = 76A341571F45932800639F68 /* CYCacheTool.m */; };
		76A3415F1F45932800639F68 /* CYNetWorkTools.m in Sources */ = {isa = PBXBuildFile; fileRef = 76A341591F45932800639F68 /* CYNetWorkTools.m */; };
		76A341601F45932800639F68 /* CYRefreshTool.m in Sources */ = {isa = PBXBuildFile; fileRef = 76A3415B1F45932800639F68 /* CYRefreshTool.m */; };
		76A341611F45932800639F68 /* CYShareTool.m in Sources */ = {isa = PBXBuildFile; fileRef = 76A3415D1F45932800639F68 /* CYShareTool.m */; };
		76A341641F45937800639F68 /* NavigationController.m in Sources */ = {isa = PBXBuildFile; fileRef = 76A341631F45937800639F68 /* NavigationController.m */; };
		76A341671F4593C200639F68 /* TabBarController.m in Sources */ = {isa = PBXBuildFile; fileRef = 76A341661F4593C200639F68 /* TabBarController.m */; };
		76A3416A1F45965000639F68 /* PLVisitorViewController.m in Sources */ = {isa = PBXBuildFile; fileRef = 76A341691F45965000639F68 /* PLVisitorViewController.m */; };
		76A3416D1F4596A800639F68 /* VistorView.m in Sources */ = {isa = PBXBuildFile; fileRef = 76A3416C1F4596A800639F68 /* VistorView.m */; };
		76BE3DED1F4665A500357DB0 /* TencentAccountModel.m in Sources */ = {isa = PBXBuildFile; fileRef = 76BE3DEC1F4665A400357DB0 /* TencentAccountModel.m */; };
		76BE3DFC1F46679200357DB0 /* DiscoverModel.m in Sources */ = {isa = PBXBuildFile; fileRef = 76BE3DFB1F46679200357DB0 /* DiscoverModel.m */; };
		76BE3DFF1F46684100357DB0 /* TeamModel.m in Sources */ = {isa = PBXBuildFile; fileRef = 76BE3DFE1F46684100357DB0 /* TeamModel.m */; };
		76BE3E021F4668A100357DB0 /* UserInfoModel.m in Sources */ = {isa = PBXBuildFile; fileRef = 76BE3E011F4668A100357DB0 /* UserInfoModel.m */; };
		76BE3E051F46691700357DB0 /* PLListItem.m in Sources */ = {isa = PBXBuildFile; fileRef = 76BE3E041F46691700357DB0 /* PLListItem.m */; };
		76BE3E081F46695600357DB0 /* PLMessageItem.m in Sources */ = {isa = PBXBuildFile; fileRef = 76BE3E071F46695600357DB0 /* PLMessageItem.m */; };
		76BE3E0E1F466B1700357DB0 /* SettingGroupItem.m in Sources */ = {isa = PBXBuildFile; fileRef = 76BE3E0D1F466B1700357DB0 /* SettingGroupItem.m */; };
		76BE3E111F466B8F00357DB0 /* SettingItem.m in Sources */ = {isa = PBXBuildFile; fileRef = 76BE3E101F466B8F00357DB0 /* SettingItem.m */; };
		76BE3E141F466C8E00357DB0 /* SettingSwichItem.m in Sources */ = {isa = PBXBuildFile; fileRef = 76BE3E131F466C8E00357DB0 /* SettingSwichItem.m */; };
		76BE3E171F466DF200357DB0 /* PLLoginBackViewController.m in Sources */ = {isa = PBXBuildFile; fileRef = 76BE3E161F466DF200357DB0 /* PLLoginBackViewController.m */; };
		76BE3E1A1F466E1C00357DB0 /* PLLoginViewController.m in Sources */ = {isa = PBXBuildFile; fileRef = 76BE3E191F466E1C00357DB0 /* PLLoginViewController.m */; };
		76BE3E1D1F466E2900357DB0 /* PLOtherLoginViewController.m in Sources */ = {isa = PBXBuildFile; fileRef = 76BE3E1C1F466E2900357DB0 /* PLOtherLoginViewController.m */; };
		76BE3E201F468F2500357DB0 /* PLTeamScrollView.m in Sources */ = {isa = PBXBuildFile; fileRef = 76BE3E1F1F468F2500357DB0 /* PLTeamScrollView.m */; };
		76BE3E231F468FC800357DB0 /* PLDiscoverCell.m in Sources */ = {isa = PBXBuildFile; fileRef = 76BE3E221F468FC800357DB0 /* PLDiscoverCell.m */; };
		76BE3E261F468FDE00357DB0 /* PLSectionCell.m in Sources */ = {isa = PBXBuildFile; fileRef = 76BE3E251F468FDE00357DB0 /* PLSectionCell.m */; };
		76BE3E291F468FEF00357DB0 /* PLView.m in Sources */ = {isa = PBXBuildFile; fileRef = 76BE3E281F468FEF00357DB0 /* PLView.m */; };
		76BE3E2C1F46900D00357DB0 /* PLClubView.m in Sources */ = {isa = PBXBuildFile; fileRef = 76BE3E2B1F46900D00357DB0 /* PLClubView.m */; };
		76BE3E2F1F46901F00357DB0 /* PLUserCell.m in Sources */ = {isa = PBXBuildFile; fileRef = 76BE3E2E1F46901F00357DB0 /* PLUserCell.m */; };
		76BE3E321F46904500357DB0 /* PLCustomBtn.m in Sources */ = {isa = PBXBuildFile; fileRef = 76BE3E311F46904500357DB0 /* PLCustomBtn.m */; };
		76BE3E431F46957900357DB0 /* TeamView.m in Sources */ = {isa = PBXBuildFile; fileRef = 76BE3E421F46957900357DB0 /* TeamView.m */; };
		76C16E9C1F4A599E0097FC7C /* PLFriendTableViewController.m in Sources */ = {isa = PBXBuildFile; fileRef = 76C16E9B1F4A599E0097FC7C /* PLFriendTableViewController.m */; };
		76C16E9F1F4A5ADE0097FC7C /* VistorView1.m in Sources */ = {isa = PBXBuildFile; fileRef = 76C16E9E1F4A5ADE0097FC7C /* VistorView1.m */; };
		76C16EA21F4A5AEA0097FC7C /* VistorView2.m in Sources */ = {isa = PBXBuildFile; fileRef = 76C16EA11F4A5AEA0097FC7C /* VistorView2.m */; };
		76C16EA51F4A5EBC0097FC7C /* PLButton.m in Sources */ = {isa = PBXBuildFile; fileRef = 76C16EA41F4A5EBC0097FC7C /* PLButton.m */; };
		76C16EA81F4A5ED40097FC7C /* PLCustomView.m in Sources */ = {isa = PBXBuildFile; fileRef = 76C16EA71F4A5ED40097FC7C /* PLCustomView.m */; };
		76C16EAB1F4A5EE90097FC7C /* PLMessageCell.m in Sources */ = {isa = PBXBuildFile; fileRef = 76C16EAA1F4A5EE90097FC7C /* PLMessageCell.m */; };
		76C16EAE1F4A5F050097FC7C /* PLScrollView.m in Sources */ = {isa = PBXBuildFile; fileRef = 76C16EAD1F4A5F050097FC7C /* PLScrollView.m */; };
		76C16EB11F4A5F190097FC7C /* PLShareView.m in Sources */ = {isa = PBXBuildFile; fileRef = 76C16EB01F4A5F190097FC7C /* PLShareView.m */; };
		76C16EB61F4A6DFE0097FC7C /* PLBaseViewController.m in Sources */ = {isa = PBXBuildFile; fileRef = 76C16EB51F4A6DFE0097FC7C /* PLBaseViewController.m */; };
		76C16EB91F4A6E190097FC7C /* PLContaintViewController.m in Sources */ = {isa = PBXBuildFile; fileRef = 76C16EB81F4A6E190097FC7C /* PLContaintViewController.m */; };
		76C16EBC1F4A6E310097FC7C /* PLWebViewController.m in Sources */ = {isa = PBXBuildFile; fileRef = 76C16EBB1F4A6E310097FC7C /* PLWebViewController.m */; };
		76C16EBF1F4A6E630097FC7C /* PLActivityTableViewController.m in Sources */ = {isa = PBXBuildFile; fileRef = 76C16EBE1F4A6E630097FC7C /* PLActivityTableViewController.m */; };
		76C16EC21F4A6E8D0097FC7C /* PLCompetitionTableViewController.m in Sources */ = {isa = PBXBuildFile; fileRef = 76C16EC11F4A6E8D0097FC7C /* PLCompetitionTableViewController.m */; };
		76C16EC51F4A6EA70097FC7C /* PLFunnyTableViewController.m in Sources */ = {isa = PBXBuildFile; fileRef = 76C16EC41F4A6EA70097FC7C /* PLFunnyTableViewController.m */; };
		76C16EC81F4A6EC40097FC7C /* PLGoverTableViewController.m in Sources */ = {isa = PBXBuildFile; fileRef = 76C16EC71F4A6EC40097FC7C /* PLGoverTableViewController.m */; };
		76C16ECB1F4A6EDA0097FC7C /* PLMessageTableViewController.m in Sources */ = {isa = PBXBuildFile; fileRef = 76C16ECA1F4A6EDA0097FC7C /* PLMessageTableViewController.m */; };
		76C16ECE1F4A6EF80097FC7C /* PLTacticTableViewController.m in Sources */ = {isa = PBXBuildFile; fileRef = 76C16ECD1F4A6EF80097FC7C /* PLTacticTableViewController.m */; };
		76C16ED11F4A6F130097FC7C /* PLVideoViewController.m in Sources */ = {isa = PBXBuildFile; fileRef = 76C16ED01F4A6F130097FC7C /* PLVideoViewController.m */; };
		76C16ED41F4AA1C20097FC7C /* HeadView.m in Sources */ = {isa = PBXBuildFile; fileRef = 76C16ED31F4AA1C20097FC7C /* HeadView.m */; };
		76C16ED71F4AA4860097FC7C /* PLMyTableViewController.m in Sources */ = {isa = PBXBuildFile; fileRef = 76C16ED61F4AA4860097FC7C /* PLMyTableViewController.m */; };
		76C16EDA1F4AA4DA0097FC7C /* PLFootView.m in Sources */ = {isa = PBXBuildFile; fileRef = 76C16ED91F4AA4DA0097FC7C /* PLFootView.m */; };
		76C16EDD1F4AA4EC0097FC7C /* PLSettingCell.m in Sources */ = {isa = PBXBuildFile; fileRef = 76C16EDC1F4AA4EC0097FC7C /* PLSettingCell.m */; };
		76C16EE01F4AA50F0097FC7C /* PLSettingController.m in Sources */ = {isa = PBXBuildFile; fileRef = 76C16EDF1F4AA50F0097FC7C /* PLSettingController.m */; };
		76C16EE31F4AA5240097FC7C /* PLCacheController.m in Sources */ = {isa = PBXBuildFile; fileRef = 76C16EE21F4AA5240097FC7C /* PLCacheController.m */; };
		76C16EE61F4AA9100097FC7C /* SettingArrowItem.m in Sources */ = {isa = PBXBuildFile; fileRef = 76C16EE51F4AA9100097FC7C /* SettingArrowItem.m */; };
		76C81D781F46C86800D08CE4 /* PLDiscoverTableViewController.m in Sources */ = {isa = PBXBuildFile; fileRef = 76C81D771F46C86800D08CE4 /* PLDiscoverTableViewController.m */; };
		76C81D7B1F46C89400D08CE4 /* PLBaseClubController.m in Sources */ = {isa = PBXBuildFile; fileRef = 76C81D7A1F46C89400D08CE4 /* PLBaseClubController.m */; };
		76C81D7E1F46C8D500D08CE4 /* PLClubNowController.m in Sources */ = {isa = PBXBuildFile; fileRef = 76C81D7D1F46C8D500D08CE4 /* PLClubNowController.m */; };
		76C81D811F46C8EC00D08CE4 /* PLPersonController.m in Sources */ = {isa = PBXBuildFile; fileRef = 76C81D801F46C8EC00D08CE4 /* PLPersonController.m */; };
		76E52DBD1F455C7E007C574A /* main.m in Sources */ = {isa = PBXBuildFile; fileRef = 76E52DBC1F455C7E007C574A /* main.m */; };
		76E52DC01F455C7E007C574A /* AppDelegate.m in Sources */ = {isa = PBXBuildFile; fileRef = 76E52DBF1F455C7E007C574A /* AppDelegate.m */; };
		76E52DC61F455C7E007C574A /* Main.storyboard in Resources */ = {isa = PBXBuildFile; fileRef = 76E52DC41F455C7E007C574A /* Main.storyboard */; };
		76E52DCB1F455C7E007C574A /* LaunchScreen.storyboard in Resources */ = {isa = PBXBuildFile; fileRef = 76E52DC91F455C7E007C574A /* LaunchScreen.storyboard */; };
		76E52DD61F455C7F007C574A /* PL_LOLTests.m in Sources */ = {isa = PBXBuildFile; fileRef = 76E52DD51F455C7F007C574A /* PL_LOLTests.m */; };
		76E52DE11F455C7F007C574A /* PL_LOLUITests.m in Sources */ = {isa = PBXBuildFile; fileRef = 76E52DE01F455C7F007C574A /* PL_LOLUITests.m */; };
		B95709467E17409B1B5A375E /* libPods-PL_LOL.a in Frameworks */ = {isa = PBXBuildFile; fileRef = 6D7B0E4241E9EEF86EC28E0C /* libPods-PL_LOL.a */; };
		DE96162B498DD65325A7E247 /* libPods-PL_LOLTests.a in Frameworks */ = {isa = PBXBuildFile; fileRef = D0B1DD30AFF4E34A3C5DCC81 /* libPods-PL_LOLTests.a */; };
/* End PBXBuildFile section */

/* Begin PBXContainerItemProxy section */
		76E52DD21F455C7F007C574A /* PBXContainerItemProxy */ = {
			isa = PBXContainerItemProxy;
			containerPortal = 76E52DB01F455C7E007C574A /* Project object */;
			proxyType = 1;
			remoteGlobalIDString = 76E52DB71F455C7E007C574A;
			remoteInfo = PL_LOL;
		};
		76E52DDD1F455C7F007C574A /* PBXContainerItemProxy */ = {
			isa = PBXContainerItemProxy;
			containerPortal = 76E52DB01F455C7E007C574A /* Project object */;
			proxyType = 1;
			remoteGlobalIDString = 76E52DB71F455C7E007C574A;
			remoteInfo = PL_LOL;
		};
/* End PBXContainerItemProxy section */

/* Begin PBXFileReference section */
		252769E3E995B0102FE070CC /* Pods-PL_LOL.debug.xcconfig */ = {isa = PBXFileReference; includeInIndex = 1; lastKnownFileType = text.xcconfig; name = "Pods-PL_LOL.debug.xcconfig"; path = "Pods/Target Support Files/Pods-PL_LOL/Pods-PL_LOL.debug.xcconfig"; sourceTree = "<group>"; };
		30F20FA95602052581141521 /* libPods-PL_LOLUITests.a */ = {isa = PBXFileReference; explicitFileType = archive.ar; includeInIndex = 0; path = "libPods-PL_LOLUITests.a"; sourceTree = BUILT_PRODUCTS_DIR; };
		4886C031663D54B5682B3BA9 /* Pods-PL_LOL.release.xcconfig */ = {isa = PBXFileReference; includeInIndex = 1; lastKnownFileType = text.xcconfig; name = "Pods-PL_LOL.release.xcconfig"; path = "Pods/Target Support Files/Pods-PL_LOL/Pods-PL_LOL.release.xcconfig"; sourceTree = "<group>"; };
		63C87F0C355F66423A4AB9E0 /* Pods-PL_LOLUITests.debug.xcconfig */ = {isa = PBXFileReference; includeInIndex = 1; lastKnownFileType = text.xcconfig; name = "Pods-PL_LOLUITests.debug.xcconfig"; path = "Pods/Target Support Files/Pods-PL_LOLUITests/Pods-PL_LOLUITests.debug.xcconfig"; sourceTree = "<group>"; };
		6D7B0E4241E9EEF86EC28E0C /* libPods-PL_LOL.a */ = {isa = PBXFileReference; explicitFileType = archive.ar; includeInIndex = 0; path = "libPods-PL_LOL.a"; sourceTree = BUILT_PRODUCTS_DIR; };
		76A340F21F4565F500639F68 /* Assets.xcassets */ = {isa = PBXFileReference; lastKnownFileType = folder.assetcatalog; path = Assets.xcassets; sourceTree = "<group>"; };
		76A341401F45912F00639F68 /* API.plist */ = {isa = PBXFileReference; fileEncoding = 4; lastKnownFileType = text.plist.xml; path = API.plist; sourceTree = "<group>"; };
		76A341431F45914400639F68 /* NSDate+time.h */ = {isa = PBXFileReference; fileEncoding = 4; lastKnownFileType = sourcecode.c.h; path = "NSDate+time.h"; sourceTree = "<group>"; };
		76A341441F45914400639F68 /* NSDate+time.m */ = {isa = PBXFileReference; fileEncoding = 4; lastKnownFileType = sourcecode.c.objc; path = "NSDate+time.m"; sourceTree = "<group>"; };
		76A341451F45914400639F68 /* NSMutableArray+array.h */ = {isa = PBXFileReference; fileEncoding = 4; lastKnownFileType = sourcecode.c.h; path = "NSMutableArray+array.h"; sourceTree = "<group>"; };
		76A341461F45914400639F68 /* NSMutableArray+array.m */ = {isa = PBXFileReference; fileEncoding = 4; lastKnownFileType = sourcecode.c.objc; path = "NSMutableArray+array.m"; sourceTree = "<group>"; };
		76A341471F45914400639F68 /* UIBarButtonItem+Extension.h */ = {isa = PBXFileReference; fileEncoding = 4; lastKnownFileType = sourcecode.c.h; path = "UIBarButtonItem+Extension.h"; sourceTree = "<group>"; };
		76A341481F45914400639F68 /* UIBarButtonItem+Extension.m */ = {isa = PBXFileReference; fileEncoding = 4; lastKnownFileType = sourcecode.c.objc; path = "UIBarButtonItem+Extension.m"; sourceTree = "<group>"; };
		76A341491F45914400639F68 /* UIImage+RenderingMode.h */ = {isa = PBXFileReference; fileEncoding = 4; lastKnownFileType = sourcecode.c.h; path = "UIImage+RenderingMode.h"; sourceTree = "<group>"; };
		76A3414A1F45914400639F68 /* UIImage+RenderingMode.m */ = {isa = PBXFileReference; fileEncoding = 4; lastKnownFileType = sourcecode.c.objc; path = "UIImage+RenderingMode.m"; sourceTree = "<group>"; };
		76A3414B1F45914400639F68 /* UIView+Frame.h */ = {isa = PBXFileReference; fileEncoding = 4; lastKnownFileType = sourcecode.c.h; path = "UIView+Frame.h"; sourceTree = "<group>"; };
		76A3414C1F45914400639F68 /* UIView+Frame.m */ = {isa = PBXFileReference; fileEncoding = 4; lastKnownFileType = sourcecode.c.objc; path = "UIView+Frame.m"; sourceTree = "<group>"; };
		76A341521F4591DC00639F68 /* CYConst.h */ = {isa = PBXFileReference; fileEncoding = 4; lastKnownFileType = sourcecode.c.h; path = CYConst.h; sourceTree = "<group>"; };
		76A341531F4591DC00639F68 /* CYConst.m */ = {isa = PBXFileReference; fileEncoding = 4; lastKnownFileType = sourcecode.c.objc; path = CYConst.m; sourceTree = "<group>"; };
		76A341551F4591EE00639F68 /* PrefixHeader.pch */ = {isa = PBXFileReference; fileEncoding = 4; lastKnownFileType = sourcecode.c.h; path = PrefixHeader.pch; sourceTree = "<group>"; };
		76A341561F45932800639F68 /* CYCacheTool.h */ = {isa = PBXFileReference; fileEncoding = 4; lastKnownFileType = sourcecode.c.h; path = CYCacheTool.h; sourceTree = "<group>"; };
		76A341571F45932800639F68 /* CYCacheTool.m */ = {isa = PBXFileReference; fileEncoding = 4; lastKnownFileType = sourcecode.c.objc; path = CYCacheTool.m; sourceTree = "<group>"; };
		76A341581F45932800639F68 /* CYNetWorkTools.h */ = {isa = PBXFileReference; fileEncoding = 4; lastKnownFileType = sourcecode.c.h; path = CYNetWorkTools.h; sourceTree = "<group>"; };
		76A341591F45932800639F68 /* CYNetWorkTools.m */ = {isa = PBXFileReference; fileEncoding = 4; lastKnownFileType = sourcecode.c.objc; path = CYNetWorkTools.m; sourceTree = "<group>"; };
		76A3415A1F45932800639F68 /* CYRefreshTool.h */ = {isa = PBXFileReference; fileEncoding = 4; lastKnownFileType = sourcecode.c.h; path = CYRefreshTool.h; sourceTree = "<group>"; };
		76A3415B1F45932800639F68 /* CYRefreshTool.m */ = {isa = PBXFileReference; fileEncoding = 4; lastKnownFileType = sourcecode.c.objc; path = CYRefreshTool.m; sourceTree = "<group>"; };
		76A3415C1F45932800639F68 /* CYShareTool.h */ = {isa = PBXFileReference; fileEncoding = 4; lastKnownFileType = sourcecode.c.h; path = CYShareTool.h; sourceTree = "<group>"; };
		76A3415D1F45932800639F68 /* CYShareTool.m */ = {isa = PBXFileReference; fileEncoding = 4; lastKnownFileType = sourcecode.c.objc; path = CYShareTool.m; sourceTree = "<group>"; };
		76A341621F45937800639F68 /* NavigationController.h */ = {isa = PBXFileReference; fileEncoding = 4; lastKnownFileType = sourcecode.c.h; path = NavigationController.h; sourceTree = "<group>"; };
		76A341631F45937800639F68 /* NavigationController.m */ = {isa = PBXFileReference; fileEncoding = 4; lastKnownFileType = sourcecode.c.objc; path = NavigationController.m; sourceTree = "<group>"; };
		76A341651F4593C200639F68 /* TabBarController.h */ = {isa = PBXFileReference; fileEncoding = 4; lastKnownFileType = sourcecode.c.h; path = TabBarController.h; sourceTree = "<group>"; };
		76A341661F4593C200639F68 /* TabBarController.m */ = {isa = PBXFileReference; fileEncoding = 4; lastKnownFileType = sourcecode.c.objc; path = TabBarController.m; sourceTree = "<group>"; };
		76A341681F45965000639F68 /* PLVisitorViewController.h */ = {isa = PBXFileReference; fileEncoding = 4; lastKnownFileType = sourcecode.c.h; path = PLVisitorViewController.h; sourceTree = "<group>"; };
		76A341691F45965000639F68 /* PLVisitorViewController.m */ = {isa = PBXFileReference; fileEncoding = 4; lastKnownFileType = sourcecode.c.objc; path = PLVisitorViewController.m; sourceTree = "<group>"; };
		76A3416B1F4596A800639F68 /* VistorView.h */ = {isa = PBXFileReference; fileEncoding = 4; lastKnownFileType = sourcecode.c.h; path = VistorView.h; sourceTree = "<group>"; };
		76A3416C1F4596A800639F68 /* VistorView.m */ = {isa = PBXFileReference; fileEncoding = 4; lastKnownFileType = sourcecode.c.objc; path = VistorView.m; sourceTree = "<group>"; };
		76BE3DEB1F4665A400357DB0 /* TencentAccountModel.h */ = {isa = PBXFileReference; fileEncoding = 4; lastKnownFileType = sourcecode.c.h; path = TencentAccountModel.h; sourceTree = "<group>"; };
		76BE3DEC1F4665A400357DB0 /* TencentAccountModel.m */ = {isa = PBXFileReference; fileEncoding = 4; lastKnownFileType = sourcecode.c.objc; path = TencentAccountModel.m; sourceTree = "<group>"; };
		76BE3DFA1F46679200357DB0 /* DiscoverModel.h */ = {isa = PBXFileReference; fileEncoding = 4; lastKnownFileType = sourcecode.c.h; path = DiscoverModel.h; sourceTree = "<group>"; };
		76BE3DFB1F46679200357DB0 /* DiscoverModel.m */ = {isa = PBXFileReference; fileEncoding = 4; lastKnownFileType = sourcecode.c.objc; path = DiscoverModel.m; sourceTree = "<group>"; };
		76BE3DFD1F46684100357DB0 /* TeamModel.h */ = {isa = PBXFileReference; fileEncoding = 4; lastKnownFileType = sourcecode.c.h; path = TeamModel.h; sourceTree = "<group>"; };
		76BE3DFE1F46684100357DB0 /* TeamModel.m */ = {isa = PBXFileReference; fileEncoding = 4; lastKnownFileType = sourcecode.c.objc; path = TeamModel.m; sourceTree = "<group>"; };
		76BE3E001F4668A100357DB0 /* UserInfoModel.h */ = {isa = PBXFileReference; fileEncoding = 4; lastKnownFileType = sourcecode.c.h; path = UserInfoModel.h; sourceTree = "<group>"; };
		76BE3E011F4668A100357DB0 /* UserInfoModel.m */ = {isa = PBXFileReference; fileEncoding = 4; lastKnownFileType = sourcecode.c.objc; path = UserInfoModel.m; sourceTree = "<group>"; };
		76BE3E031F46691700357DB0 /* PLListItem.h */ = {isa = PBXFileReference; fileEncoding = 4; lastKnownFileType = sourcecode.c.h; path = PLListItem.h; sourceTree = "<group>"; };
		76BE3E041F46691700357DB0 /* PLListItem.m */ = {isa = PBXFileReference; fileEncoding = 4; lastKnownFileType = sourcecode.c.objc; path = PLListItem.m; sourceTree = "<group>"; };
		76BE3E061F46695600357DB0 /* PLMessageItem.h */ = {isa = PBXFileReference; fileEncoding = 4; lastKnownFileType = sourcecode.c.h; path = PLMessageItem.h; sourceTree = "<group>"; };
		76BE3E071F46695600357DB0 /* PLMessageItem.m */ = {isa = PBXFileReference; fileEncoding = 4; lastKnownFileType = sourcecode.c.objc; path = PLMessageItem.m; sourceTree = "<group>"; };
		76BE3E0C1F466B1700357DB0 /* SettingGroupItem.h */ = {isa = PBXFileReference; fileEncoding = 4; lastKnownFileType = sourcecode.c.h; path = SettingGroupItem.h; sourceTree = "<group>"; };
		76BE3E0D1F466B1700357DB0 /* SettingGroupItem.m */ = {isa = PBXFileReference; fileEncoding = 4; lastKnownFileType = sourcecode.c.objc; path = SettingGroupItem.m; sourceTree = "<group>"; };
		76BE3E0F1F466B8F00357DB0 /* SettingItem.h */ = {isa = PBXFileReference; fileEncoding = 4; lastKnownFileType = sourcecode.c.h; path = SettingItem.h; sourceTree = "<group>"; };
		76BE3E101F466B8F00357DB0 /* SettingItem.m */ = {isa = PBXFileReference; fileEncoding = 4; lastKnownFileType = sourcecode.c.objc; path = SettingItem.m; sourceTree = "<group>"; };
		76BE3E121F466C8E00357DB0 /* SettingSwichItem.h */ = {isa = PBXFileReference; fileEncoding = 4; lastKnownFileType = sourcecode.c.h; path = SettingSwichItem.h; sourceTree = "<group>"; };
		76BE3E131F466C8E00357DB0 /* SettingSwichItem.m */ = {isa = PBXFileReference; fileEncoding = 4; lastKnownFileType = sourcecode.c.objc; path = SettingSwichItem.m; sourceTree = "<group>"; };
		76BE3E151F466DF200357DB0 /* PLLoginBackViewController.h */ = {isa = PBXFileReference; fileEncoding = 4; lastKnownFileType = sourcecode.c.h; path = PLLoginBackViewController.h; sourceTree = "<group>"; };
		76BE3E161F466DF200357DB0 /* PLLoginBackViewController.m */ = {isa = PBXFileReference; fileEncoding = 4; lastKnownFileType = sourcecode.c.objc; path = PLLoginBackViewController.m; sourceTree = "<group>"; };
		76BE3E181F466E1C00357DB0 /* PLLoginViewController.h */ = {isa = PBXFileReference; fileEncoding = 4; lastKnownFileType = sourcecode.c.h; path = PLLoginViewController.h; sourceTree = "<group>"; };
		76BE3E191F466E1C00357DB0 /* PLLoginViewController.m */ = {isa = PBXFileReference; fileEncoding = 4; lastKnownFileType = sourcecode.c.objc; path = PLLoginViewController.m; sourceTree = "<group>"; };
		76BE3E1B1F466E2900357DB0 /* PLOtherLoginViewController.h */ = {isa = PBXFileReference; fileEncoding = 4; lastKnownFileType = sourcecode.c.h; path = PLOtherLoginViewController.h; sourceTree = "<group>"; };
		76BE3E1C1F466E2900357DB0 /* PLOtherLoginViewController.m */ = {isa = PBXFileReference; fileEncoding = 4; lastKnownFileType = sourcecode.c.objc; path = PLOtherLoginViewController.m; sourceTree = "<group>"; };
		76BE3E1E1F468F2500357DB0 /* PLTeamScrollView.h */ = {isa = PBXFileReference; fileEncoding = 4; lastKnownFileType = sourcecode.c.h; path = PLTeamScrollView.h; sourceTree = "<group>"; };
		76BE3E1F1F468F2500357DB0 /* PLTeamScrollView.m */ = {isa = PBXFileReference; fileEncoding = 4; lastKnownFileType = sourcecode.c.objc; path = PLTeamScrollView.m; sourceTree = "<group>"; };
		76BE3E211F468FC800357DB0 /* PLDiscoverCell.h */ = {isa = PBXFileReference; fileEncoding = 4; lastKnownFileType = sourcecode.c.h; path = PLDiscoverCell.h; sourceTree = "<group>"; };
		76BE3E221F468FC800357DB0 /* PLDiscoverCell.m */ = {isa = PBXFileReference; fileEncoding = 4; lastKnownFileType = sourcecode.c.objc; path = PLDiscoverCell.m; sourceTree = "<group>"; };
		76BE3E241F468FDE00357DB0 /* PLSectionCell.h */ = {isa = PBXFileReference; fileEncoding = 4; lastKnownFileType = sourcecode.c.h; path = PLSectionCell.h; sourceTree = "<group>"; };
		76BE3E251F468FDE00357DB0 /* PLSectionCell.m */ = {isa = PBXFileReference; fileEncoding = 4; lastKnownFileType = sourcecode.c.objc; path = PLSectionCell.m; sourceTree = "<group>"; };
		76BE3E271F468FEF00357DB0 /* PLView.h */ = {isa = PBXFileReference; fileEncoding = 4; lastKnownFileType = sourcecode.c.h; path = PLView.h; sourceTree = "<group>"; };
		76BE3E281F468FEF00357DB0 /* PLView.m */ = {isa = PBXFileReference; fileEncoding = 4; lastKnownFileType = sourcecode.c.objc; path = PLView.m; sourceTree = "<group>"; };
		76BE3E2A1F46900D00357DB0 /* PLClubView.h */ = {isa = PBXFileReference; fileEncoding = 4; lastKnownFileType = sourcecode.c.h; path = PLClubView.h; sourceTree = "<group>"; };
		76BE3E2B1F46900D00357DB0 /* PLClubView.m */ = {isa = PBXFileReference; fileEncoding = 4; lastKnownFileType = sourcecode.c.objc; path = PLClubView.m; sourceTree = "<group>"; };
		76BE3E2D1F46901F00357DB0 /* PLUserCell.h */ = {isa = PBXFileReference; fileEncoding = 4; lastKnownFileType = sourcecode.c.h; path = PLUserCell.h; sourceTree = "<group>"; };
		76BE3E2E1F46901F00357DB0 /* PLUserCell.m */ = {isa = PBXFileReference; fileEncoding = 4; lastKnownFileType = sourcecode.c.objc; path = PLUserCell.m; sourceTree = "<group>"; };
		76BE3E301F46904500357DB0 /* PLCustomBtn.h */ = {isa = PBXFileReference; fileEncoding = 4; lastKnownFileType = sourcecode.c.h; path = PLCustomBtn.h; sourceTree = "<group>"; };
		76BE3E311F46904500357DB0 /* PLCustomBtn.m */ = {isa = PBXFileReference; fileEncoding = 4; lastKnownFileType = sourcecode.c.objc; path = PLCustomBtn.m; sourceTree = "<group>"; };
		76BE3E411F46957900357DB0 /* TeamView.h */ = {isa = PBXFileReference; fileEncoding = 4; lastKnownFileType = sourcecode.c.h; path = TeamView.h; sourceTree = "<group>"; };
		76BE3E421F46957900357DB0 /* TeamView.m */ = {isa = PBXFileReference; fileEncoding = 4; lastKnownFileType = sourcecode.c.objc; path = TeamView.m; sourceTree = "<group>"; };
		76C16E9A1F4A599E0097FC7C /* PLFriendTableViewController.h */ = {isa = PBXFileReference; fileEncoding = 4; lastKnownFileType = sourcecode.c.h; path = PLFriendTableViewController.h; sourceTree = "<group>"; };
		76C16E9B1F4A599E0097FC7C /* PLFriendTableViewController.m */ = {isa = PBXFileReference; fileEncoding = 4; lastKnownFileType = sourcecode.c.objc; path = PLFriendTableViewController.m; sourceTree = "<group>"; };
		76C16E9D1F4A5ADE0097FC7C /* VistorView1.h */ = {isa = PBXFileReference; fileEncoding = 4; lastKnownFileType = sourcecode.c.h; path = VistorView1.h; sourceTree = "<group>"; };
		76C16E9E1F4A5ADE0097FC7C /* VistorView1.m */ = {isa = PBXFileReference; fileEncoding = 4; lastKnownFileType = sourcecode.c.objc; path = VistorView1.m; sourceTree = "<group>"; };
		76C16EA01F4A5AEA0097FC7C /* VistorView2.h */ = {isa = PBXFileReference; fileEncoding = 4; lastKnownFileType = sourcecode.c.h; path = VistorView2.h; sourceTree = "<group>"; };
		76C16EA11F4A5AEA0097FC7C /* VistorView2.m */ = {isa = PBXFileReference; fileEncoding = 4; lastKnownFileType = sourcecode.c.objc; path = VistorView2.m; sourceTree = "<group>"; };
		76C16EA31F4A5EBC0097FC7C /* PLButton.h */ = {isa = PBXFileReference; fileEncoding = 4; lastKnownFileType = sourcecode.c.h; path = PLButton.h; sourceTree = "<group>"; };
		76C16EA41F4A5EBC0097FC7C /* PLButton.m */ = {isa = PBXFileReference; fileEncoding = 4; lastKnownFileType = sourcecode.c.objc; path = PLButton.m; sourceTree = "<group>"; };
		76C16EA61F4A5ED40097FC7C /* PLCustomView.h */ = {isa = PBXFileReference; fileEncoding = 4; lastKnownFileType = sourcecode.c.h; path = PLCustomView.h; sourceTree = "<group>"; };
		76C16EA71F4A5ED40097FC7C /* PLCustomView.m */ = {isa = PBXFileReference; fileEncoding = 4; lastKnownFileType = sourcecode.c.objc; path = PLCustomView.m; sourceTree = "<group>"; };
		76C16EA91F4A5EE90097FC7C /* PLMessageCell.h */ = {isa = PBXFileReference; fileEncoding = 4; lastKnownFileType = sourcecode.c.h; path = PLMessageCell.h; sourceTree = "<group>"; };
		76C16EAA1F4A5EE90097FC7C /* PLMessageCell.m */ = {isa = PBXFileReference; fileEncoding = 4; lastKnownFileType = sourcecode.c.objc; path = PLMessageCell.m; sourceTree = "<group>"; };
		76C16EAC1F4A5F050097FC7C /* PLScrollView.h */ = {isa = PBXFileReference; fileEncoding = 4; lastKnownFileType = sourcecode.c.h; path = PLScrollView.h; sourceTree = "<group>"; };
		76C16EAD1F4A5F050097FC7C /* PLScrollView.m */ = {isa = PBXFileReference; fileEncoding = 4; lastKnownFileType = sourcecode.c.objc; path = PLScrollView.m; sourceTree = "<group>"; };
		76C16EAF1F4A5F190097FC7C /* PLShareView.h */ = {isa = PBXFileReference; fileEncoding = 4; lastKnownFileType = sourcecode.c.h; path = PLShareView.h; sourceTree = "<group>"; };
		76C16EB01F4A5F190097FC7C /* PLShareView.m */ = {isa = PBXFileReference; fileEncoding = 4; lastKnownFileType = sourcecode.c.objc; path = PLShareView.m; sourceTree = "<group>"; };
		76C16EB41F4A6DFE0097FC7C /* PLBaseViewController.h */ = {isa = PBXFileReference; fileEncoding = 4; lastKnownFileType = sourcecode.c.h; path = PLBaseViewController.h; sourceTree = "<group>"; };
		76C16EB51F4A6DFE0097FC7C /* PLBaseViewController.m */ = {isa = PBXFileReference; fileEncoding = 4; lastKnownFileType = sourcecode.c.objc; path = PLBaseViewController.m; sourceTree = "<group>"; };
		76C16EB71F4A6E190097FC7C /* PLContaintViewController.h */ = {isa = PBXFileReference; fileEncoding = 4; lastKnownFileType = sourcecode.c.h; path = PLContaintViewController.h; sourceTree = "<group>"; };
		76C16EB81F4A6E190097FC7C /* PLContaintViewController.m */ = {isa = PBXFileReference; fileEncoding = 4; lastKnownFileType = sourcecode.c.objc; path = PLContaintViewController.m; sourceTree = "<group>"; };
		76C16EBA1F4A6E310097FC7C /* PLWebViewController.h */ = {isa = PBXFileReference; fileEncoding = 4; lastKnownFileType = sourcecode.c.h; path = PLWebViewController.h; sourceTree = "<group>"; };
		76C16EBB1F4A6E310097FC7C /* PLWebViewController.m */ = {isa = PBXFileReference; fileEncoding = 4; lastKnownFileType = sourcecode.c.objc; path = PLWebViewController.m; sourceTree = "<group>"; };
		76C16EBD1F4A6E630097FC7C /* PLActivityTableViewController.h */ = {isa = PBXFileReference; fileEncoding = 4; lastKnownFileType = sourcecode.c.h; path = PLActivityTableViewController.h; sourceTree = "<group>"; };
		76C16EBE1F4A6E630097FC7C /* PLActivityTableViewController.m */ = {isa = PBXFileReference; fileEncoding = 4; lastKnownFileType = sourcecode.c.objc; path = PLActivityTableViewController.m; sourceTree = "<group>"; };
		76C16EC01F4A6E8D0097FC7C /* PLCompetitionTableViewController.h */ = {isa = PBXFileReference; fileEncoding = 4; lastKnownFileType = sourcecode.c.h; path = PLCompetitionTableViewController.h; sourceTree = "<group>"; };
		76C16EC11F4A6E8D0097FC7C /* PLCompetitionTableViewController.m */ = {isa = PBXFileReference; fileEncoding = 4; lastKnownFileType = sourcecode.c.objc; path = PLCompetitionTableViewController.m; sourceTree = "<group>"; };
		76C16EC31F4A6EA70097FC7C /* PLFunnyTableViewController.h */ = {isa = PBXFileReference; fileEncoding = 4; lastKnownFileType = sourcecode.c.h; path = PLFunnyTableViewController.h; sourceTree = "<group>"; };
		76C16EC41F4A6EA70097FC7C /* PLFunnyTableViewController.m */ = {isa = PBXFileReference; fileEncoding = 4; lastKnownFileType = sourcecode.c.objc; path = PLFunnyTableViewController.m; sourceTree = "<group>"; };
		76C16EC61F4A6EC40097FC7C /* PLGoverTableViewController.h */ = {isa = PBXFileReference; fileEncoding = 4; lastKnownFileType = sourcecode.c.h; path = PLGoverTableViewController.h; sourceTree = "<group>"; };
		76C16EC71F4A6EC40097FC7C /* PLGoverTableViewController.m */ = {isa = PBXFileReference; fileEncoding = 4; lastKnownFileType = sourcecode.c.objc; path = PLGoverTableViewController.m; sourceTree = "<group>"; };
		76C16EC91F4A6EDA0097FC7C /* PLMessageTableViewController.h */ = {isa = PBXFileReference; fileEncoding = 4; lastKnownFileType = sourcecode.c.h; path = PLMessageTableViewController.h; sourceTree = "<group>"; };
		76C16ECA1F4A6EDA0097FC7C /* PLMessageTableViewController.m */ = {isa = PBXFileReference; fileEncoding = 4; lastKnownFileType = sourcecode.c.objc; path = PLMessageTableViewController.m; sourceTree = "<group>"; };
		76C16ECC1F4A6EF80097FC7C /* PLTacticTableViewController.h */ = {isa = PBXFileReference; fileEncoding = 4; lastKnownFileType = sourcecode.c.h; path = PLTacticTableViewController.h; sourceTree = "<group>"; };
		76C16ECD1F4A6EF80097FC7C /* PLTacticTableViewController.m */ = {isa = PBXFileReference; fileEncoding = 4; lastKnownFileType = sourcecode.c.objc; path = PLTacticTableViewController.m; sourceTree = "<group>"; };
		76C16ECF1F4A6F130097FC7C /* PLVideoViewController.h */ = {isa = PBXFileReference; fileEncoding = 4; lastKnownFileType = sourcecode.c.h; path = PLVideoViewController.h; sourceTree = "<group>"; };
		76C16ED01F4A6F130097FC7C /* PLVideoViewController.m */ = {isa = PBXFileReference; fileEncoding = 4; lastKnownFileType = sourcecode.c.objc; path = PLVideoViewController.m; sourceTree = "<group>"; };
		76C16ED21F4AA1C20097FC7C /* HeadView.h */ = {isa = PBXFileReference; fileEncoding = 4; lastKnownFileType = sourcecode.c.h; path = HeadView.h; sourceTree = "<group>"; };
		76C16ED31F4AA1C20097FC7C /* HeadView.m */ = {isa = PBXFileReference; fileEncoding = 4; lastKnownFileType = sourcecode.c.objc; path = HeadView.m; sourceTree = "<group>"; };
		76C16ED51F4AA4860097FC7C /* PLMyTableViewController.h */ = {isa = PBXFileReference; fileEncoding = 4; lastKnownFileType = sourcecode.c.h; path = PLMyTableViewController.h; sourceTree = "<group>"; };
		76C16ED61F4AA4860097FC7C /* PLMyTableViewController.m */ = {isa = PBXFileReference; fileEncoding = 4; lastKnownFileType = sourcecode.c.objc; path = PLMyTableViewController.m; sourceTree = "<group>"; };
		76C16ED81F4AA4DA0097FC7C /* PLFootView.h */ = {isa = PBXFileReference; fileEncoding = 4; lastKnownFileType = sourcecode.c.h; path = PLFootView.h; sourceTree = "<group>"; };
		76C16ED91F4AA4DA0097FC7C /* PLFootView.m */ = {isa = PBXFileReference; fileEncoding = 4; lastKnownFileType = sourcecode.c.objc; path = PLFootView.m; sourceTree = "<group>"; };
		76C16EDB1F4AA4EC0097FC7C /* PLSettingCell.h */ = {isa = PBXFileReference; fileEncoding = 4; lastKnownFileType = sourcecode.c.h; path = PLSettingCell.h; sourceTree = "<group>"; };
		76C16EDC1F4AA4EC0097FC7C /* PLSettingCell.m */ = {isa = PBXFileReference; fileEncoding = 4; lastKnownFileType = sourcecode.c.objc; path = PLSettingCell.m; sourceTree = "<group>"; };
		76C16EDE1F4AA50F0097FC7C /* PLSettingController.h */ = {isa = PBXFileReference; fileEncoding = 4; lastKnownFileType = sourcecode.c.h; path = PLSettingController.h; sourceTree = "<group>"; };
		76C16EDF1F4AA50F0097FC7C /* PLSettingController.m */ = {isa = PBXFileReference; fileEncoding = 4; lastKnownFileType = sourcecode.c.objc; path = PLSettingController.m; sourceTree = "<group>"; };
		76C16EE11F4AA5240097FC7C /* PLCacheController.h */ = {isa = PBXFileReference; fileEncoding = 4; lastKnownFileType = sourcecode.c.h; path = PLCacheController.h; sourceTree = "<group>"; };
		76C16EE21F4AA5240097FC7C /* PLCacheController.m */ = {isa = PBXFileReference; fileEncoding = 4; lastKnownFileType = sourcecode.c.objc; path = PLCacheController.m; sourceTree = "<group>"; };
		76C16EE41F4AA9100097FC7C /* SettingArrowItem.h */ = {isa = PBXFileReference; fileEncoding = 4; lastKnownFileType = sourcecode.c.h; path = SettingArrowItem.h; sourceTree = "<group>"; };
		76C16EE51F4AA9100097FC7C /* SettingArrowItem.m */ = {isa = PBXFileReference; fileEncoding = 4; lastKnownFileType = sourcecode.c.objc; path = SettingArrowItem.m; sourceTree = "<group>"; };
		76C81D761F46C86800D08CE4 /* PLDiscoverTableViewController.h */ = {isa = PBXFileReference; fileEncoding = 4; lastKnownFileType = sourcecode.c.h; path = PLDiscoverTableViewController.h; sourceTree = "<group>"; };
		76C81D771F46C86800D08CE4 /* PLDiscoverTableViewController.m */ = {isa = PBXFileReference; fileEncoding = 4; lastKnownFileType = sourcecode.c.objc; path = PLDiscoverTableViewController.m; sourceTree = "<group>"; };
		76C81D791F46C89400D08CE4 /* PLBaseClubController.h */ = {isa = PBXFileReference; fileEncoding = 4; lastKnownFileType = sourcecode.c.h; path = PLBaseClubController.h; sourceTree = "<group>"; };
		76C81D7A1F46C89400D08CE4 /* PLBaseClubController.m */ = {isa = PBXFileReference; fileEncoding = 4; lastKnownFileType = sourcecode.c.objc; path = PLBaseClubController.m; sourceTree = "<group>"; };
		76C81D7C1F46C8D500D08CE4 /* PLClubNowController.h */ = {isa = PBXFileReference; fileEncoding = 4; lastKnownFileType = sourcecode.c.h; path = PLClubNowController.h; sourceTree = "<group>"; };
		76C81D7D1F46C8D500D08CE4 /* PLClubNowController.m */ = {isa = PBXFileReference; fileEncoding = 4; lastKnownFileType = sourcecode.c.objc; path = PLClubNowController.m; sourceTree = "<group>"; };
		76C81D7F1F46C8EC00D08CE4 /* PLPersonController.h */ = {isa = PBXFileReference; fileEncoding = 4; lastKnownFileType = sourcecode.c.h; path = PLPersonController.h; sourceTree = "<group>"; };
		76C81D801F46C8EC00D08CE4 /* PLPersonController.m */ = {isa = PBXFileReference; fileEncoding = 4; lastKnownFileType = sourcecode.c.objc; path = PLPersonController.m; sourceTree = "<group>"; };
		76E52DB81F455C7E007C574A /* PL_LOL.app */ = {isa = PBXFileReference; explicitFileType = wrapper.application; includeInIndex = 0; path = PL_LOL.app; sourceTree = BUILT_PRODUCTS_DIR; };
		76E52DBC1F455C7E007C574A /* main.m */ = {isa = PBXFileReference; lastKnownFileType = sourcecode.c.objc; path = main.m; sourceTree = "<group>"; };
		76E52DBE1F455C7E007C574A /* AppDelegate.h */ = {isa = PBXFileReference; lastKnownFileType = sourcecode.c.h; name = AppDelegate.h; path = ../AppDelegate.h; sourceTree = "<group>"; };
		76E52DBF1F455C7E007C574A /* AppDelegate.m */ = {isa = PBXFileReference; lastKnownFileType = sourcecode.c.objc; name = AppDelegate.m; path = ../AppDelegate.m; sourceTree = "<group>"; };
		76E52DC51F455C7E007C574A /* Base */ = {isa = PBXFileReference; lastKnownFileType = file.storyboard; name = Base; path = Base.lproj/Main.storyboard; sourceTree = "<group>"; };
		76E52DCA1F455C7E007C574A /* Base */ = {isa = PBXFileReference; lastKnownFileType = file.storyboard; name = Base; path = Base.lproj/LaunchScreen.storyboard; sourceTree = "<group>"; };
		76E52DCC1F455C7E007C574A /* Info.plist */ = {isa = PBXFileReference; lastKnownFileType = text.plist.xml; path = Info.plist; sourceTree = "<group>"; };
		76E52DD11F455C7F007C574A /* PL_LOLTests.xctest */ = {isa = PBXFileReference; explicitFileType = wrapper.cfbundle; includeInIndex = 0; path = PL_LOLTests.xctest; sourceTree = BUILT_PRODUCTS_DIR; };
		76E52DD51F455C7F007C574A /* PL_LOLTests.m */ = {isa = PBXFileReference; lastKnownFileType = sourcecode.c.objc; path = PL_LOLTests.m; sourceTree = "<group>"; };
		76E52DD71F455C7F007C574A /* Info.plist */ = {isa = PBXFileReference; lastKnownFileType = text.plist.xml; path = Info.plist; sourceTree = "<group>"; };
		76E52DDC1F455C7F007C574A /* PL_LOLUITests.xctest */ = {isa = PBXFileReference; explicitFileType = wrapper.cfbundle; includeInIndex = 0; path = PL_LOLUITests.xctest; sourceTree = BUILT_PRODUCTS_DIR; };
		76E52DE01F455C7F007C574A /* PL_LOLUITests.m */ = {isa = PBXFileReference; lastKnownFileType = sourcecode.c.objc; path = PL_LOLUITests.m; sourceTree = "<group>"; };
		76E52DE21F455C7F007C574A /* Info.plist */ = {isa = PBXFileReference; lastKnownFileType = text.plist.xml; path = Info.plist; sourceTree = "<group>"; };
		81E1A4A2D845CC1B324F9E61 /* Pods-PL_LOLTests.release.xcconfig */ = {isa = PBXFileReference; includeInIndex = 1; lastKnownFileType = text.xcconfig; name = "Pods-PL_LOLTests.release.xcconfig"; path = "Pods/Target Support Files/Pods-PL_LOLTests/Pods-PL_LOLTests.release.xcconfig"; sourceTree = "<group>"; };
		B1F5F103AA05BB2CFC423F6F /* Pods-PL_LOLUITests.release.xcconfig */ = {isa = PBXFileReference; includeInIndex = 1; lastKnownFileType = text.xcconfig; name = "Pods-PL_LOLUITests.release.xcconfig"; path = "Pods/Target Support Files/Pods-PL_LOLUITests/Pods-PL_LOLUITests.release.xcconfig"; sourceTree = "<group>"; };
		D0B1DD30AFF4E34A3C5DCC81 /* libPods-PL_LOLTests.a */ = {isa = PBXFileReference; explicitFileType = archive.ar; includeInIndex = 0; path = "libPods-PL_LOLTests.a"; sourceTree = BUILT_PRODUCTS_DIR; };
		E6875578462569A800AE3A6B /* Pods-PL_LOLTests.debug.xcconfig */ = {isa = PBXFileReference; includeInIndex = 1; lastKnownFileType = text.xcconfig; name = "Pods-PL_LOLTests.debug.xcconfig"; path = "Pods/Target Support Files/Pods-PL_LOLTests/Pods-PL_LOLTests.debug.xcconfig"; sourceTree = "<group>"; };
/* End PBXFileReference section */

/* Begin PBXFrameworksBuildPhase section */
		76E52DB51F455C7E007C574A /* Frameworks */ = {
			isa = PBXFrameworksBuildPhase;
			buildActionMask = 2147483647;
			files = (
				B95709467E17409B1B5A375E /* libPods-PL_LOL.a in Frameworks */,
			);
			runOnlyForDeploymentPostprocessing = 0;
		};
		76E52DCE1F455C7F007C574A /* Frameworks */ = {
			isa = PBXFrameworksBuildPhase;
			buildActionMask = 2147483647;
			files = (
				DE96162B498DD65325A7E247 /* libPods-PL_LOLTests.a in Frameworks */,
			);
			runOnlyForDeploymentPostprocessing = 0;
		};
		76E52DD91F455C7F007C574A /* Frameworks */ = {
			isa = PBXFrameworksBuildPhase;
			buildActionMask = 2147483647;
			files = (
				28C2F2E1D29CF617FF5AA986 /* libPods-PL_LOLUITests.a in Frameworks */,
			);
			runOnlyForDeploymentPostprocessing = 0;
		};
/* End PBXFrameworksBuildPhase section */

/* Begin PBXGroup section */
		47D3B1FE37C345F7EC3849BB /* Pods */ = {
			isa = PBXGroup;
			children = (
				252769E3E995B0102FE070CC /* Pods-PL_LOL.debug.xcconfig */,
				4886C031663D54B5682B3BA9 /* Pods-PL_LOL.release.xcconfig */,
				E6875578462569A800AE3A6B /* Pods-PL_LOLTests.debug.xcconfig */,
				81E1A4A2D845CC1B324F9E61 /* Pods-PL_LOLTests.release.xcconfig */,
				63C87F0C355F66423A4AB9E0 /* Pods-PL_LOLUITests.debug.xcconfig */,
				B1F5F103AA05BB2CFC423F6F /* Pods-PL_LOLUITests.release.xcconfig */,
			);
			name = Pods;
			sourceTree = "<group>";
		};
		76A340F41F45666D00639F68 /* Vistor(访客） */ = {
			isa = PBXGroup;
			children = (
				76A3416F1F45971A00639F68 /* Controller */,
				76A3416E1F45971200639F68 /* View */,
			);
			path = "Vistor(访客）";
			sourceTree = "<group>";
		};
		76A340F51F45668C00639F68 /* Login(登录) */ = {
			isa = PBXGroup;
			children = (
				76A341711F45975100639F68 /* Model */,
				76A341701F45974200639F68 /* Controller */,
			);
			path = "Login(登录)";
			sourceTree = "<group>";
		};
		76A340F61F4566AA00639F68 /* Discover(发现) */ = {
			isa = PBXGroup;
			children = (
				76BE3DF01F4666D700357DB0 /* Model */,
				76BE3DEF1F4666D000357DB0 /* View */,
				76BE3DEE1F4666C900357DB0 /* Controller */,
			);
			path = "Discover(发现)";
			sourceTree = "<group>";
		};
		76A340F71F4566BE00639F68 /* Friend(好友) */ = {
			isa = PBXGroup;
			children = (
				76BE3DF11F4666E600357DB0 /* Controller */,
			);
			path = "Friend(好友)";
			sourceTree = "<group>";
		};
		76A340F81F4566D000639F68 /* Main(主要) */ = {
			isa = PBXGroup;
			children = (
				76A341621F45937800639F68 /* NavigationController.h */,
				76A341631F45937800639F68 /* NavigationController.m */,
				76A341651F4593C200639F68 /* TabBarController.h */,
				76A341661F4593C200639F68 /* TabBarController.m */,
			);
			path = "Main(主要)";
			sourceTree = "<group>";
		};
		76A340F91F4566E500639F68 /* Message(信息) */ = {
			isa = PBXGroup;
			children = (
				76BE3DF41F46672500357DB0 /* Model */,
				76BE3DF31F46671F00357DB0 /* View */,
				76C16EB21F4A6D9B0097FC7C /* Controller */,
			);
			path = "Message(信息)";
			sourceTree = "<group>";
		};
		76A340FA1F4566FB00639F68 /* My(我) */ = {
			isa = PBXGroup;
			children = (
				76BE3DF61F46673C00357DB0 /* Controller */,
				76BE3DF51F46673600357DB0 /* View */,
			);
			path = "My(我)";
			sourceTree = "<group>";
		};
		76A340FB1F45670D00639F68 /* Setting(设置) */ = {
			isa = PBXGroup;
			children = (
				76BE3DF91F46676000357DB0 /* Model */,
				76BE3DF81F46675B00357DB0 /* View */,
				76BE3DF71F46675300357DB0 /* Controller */,
			);
			path = "Setting(设置)";
			sourceTree = "<group>";
		};
		76A340FC1F45671E00639F68 /* Tools(工具) */ = {
			isa = PBXGroup;
			children = (
				76A341561F45932800639F68 /* CYCacheTool.h */,
				76A341571F45932800639F68 /* CYCacheTool.m */,
				76A341581F45932800639F68 /* CYNetWorkTools.h */,
				76A341591F45932800639F68 /* CYNetWorkTools.m */,
				76A3415A1F45932800639F68 /* CYRefreshTool.h */,
				76A3415B1F45932800639F68 /* CYRefreshTool.m */,
				76A3415C1F45932800639F68 /* CYShareTool.h */,
				76A3415D1F45932800639F68 /* CYShareTool.m */,
			);
			path = "Tools(工具)";
			sourceTree = "<group>";
		};
		76A340FE1F45675800639F68 /* Others(其它) */ = {
			isa = PBXGroup;
			children = (
				76A341401F45912F00639F68 /* API.plist */,
				76A341421F45914400639F68 /* Category */,
				76E52DBE1F455C7E007C574A /* AppDelegate.h */,
				76E52DBF1F455C7E007C574A /* AppDelegate.m */,
				76A341521F4591DC00639F68 /* CYConst.h */,
				76A341531F4591DC00639F68 /* CYConst.m */,
				76A341551F4591EE00639F68 /* PrefixHeader.pch */,
			);
			path = "Others(其它)";
			sourceTree = "<group>";
		};
		76A341421F45914400639F68 /* Category */ = {
			isa = PBXGroup;
			children = (
				76A341431F45914400639F68 /* NSDate+time.h */,
				76A341441F45914400639F68 /* NSDate+time.m */,
				76A341451F45914400639F68 /* NSMutableArray+array.h */,
				76A341461F45914400639F68 /* NSMutableArray+array.m */,
				76A341471F45914400639F68 /* UIBarButtonItem+Extension.h */,
				76A341481F45914400639F68 /* UIBarButtonItem+Extension.m */,
				76A341491F45914400639F68 /* UIImage+RenderingMode.h */,
				76A3414A1F45914400639F68 /* UIImage+RenderingMode.m */,
				76A3414B1F45914400639F68 /* UIView+Frame.h */,
				76A3414C1F45914400639F68 /* UIView+Frame.m */,
			);
			path = Category;
			sourceTree = "<group>";
		};
		76A3416E1F45971200639F68 /* View */ = {
			isa = PBXGroup;
			children = (
				76A3416B1F4596A800639F68 /* VistorView.h */,
				76A3416C1F4596A800639F68 /* VistorView.m */,
				76C16E9D1F4A5ADE0097FC7C /* VistorView1.h */,
				76C16E9E1F4A5ADE0097FC7C /* VistorView1.m */,
				76C16EA01F4A5AEA0097FC7C /* VistorView2.h */,
				76C16EA11F4A5AEA0097FC7C /* VistorView2.m */,
			);
			name = View;
			sourceTree = "<group>";
		};
		76A3416F1F45971A00639F68 /* Controller */ = {
			isa = PBXGroup;
			children = (
				76A341681F45965000639F68 /* PLVisitorViewController.h */,
				76A341691F45965000639F68 /* PLVisitorViewController.m */,
			);
			name = Controller;
			sourceTree = "<group>";
		};
		76A341701F45974200639F68 /* Controller */ = {
			isa = PBXGroup;
			children = (
				76BE3E151F466DF200357DB0 /* PLLoginBackViewController.h */,
				76BE3E161F466DF200357DB0 /* PLLoginBackViewController.m */,
				76BE3E181F466E1C00357DB0 /* PLLoginViewController.h */,
				76BE3E191F466E1C00357DB0 /* PLLoginViewController.m */,
				76BE3E1B1F466E2900357DB0 /* PLOtherLoginViewController.h */,
				76BE3E1C1F466E2900357DB0 /* PLOtherLoginViewController.m */,
			);
			name = Controller;
			sourceTree = "<group>";
		};
		76A341711F45975100639F68 /* Model */ = {
			isa = PBXGroup;
			children = (
				76BE3DEB1F4665A400357DB0 /* TencentAccountModel.h */,
				76BE3DEC1F4665A400357DB0 /* TencentAccountModel.m */,
			);
			name = Model;
			sourceTree = "<group>";
		};
		76BE3DEE1F4666C900357DB0 /* Controller */ = {
			isa = PBXGroup;
			children = (
				76C81D761F46C86800D08CE4 /* PLDiscoverTableViewController.h */,
				76C81D771F46C86800D08CE4 /* PLDiscoverTableViewController.m */,
				76C81D791F46C89400D08CE4 /* PLBaseClubController.h */,
				76C81D7A1F46C89400D08CE4 /* PLBaseClubController.m */,
				76C81D7C1F46C8D500D08CE4 /* PLClubNowController.h */,
				76C81D7D1F46C8D500D08CE4 /* PLClubNowController.m */,
				76C81D7F1F46C8EC00D08CE4 /* PLPersonController.h */,
				76C81D801F46C8EC00D08CE4 /* PLPersonController.m */,
			);
			name = Controller;
			sourceTree = "<group>";
		};
		76BE3DEF1F4666D000357DB0 /* View */ = {
			isa = PBXGroup;
			children = (
				76BE3E1E1F468F2500357DB0 /* PLTeamScrollView.h */,
				76BE3E1F1F468F2500357DB0 /* PLTeamScrollView.m */,
				76BE3E211F468FC800357DB0 /* PLDiscoverCell.h */,
				76BE3E221F468FC800357DB0 /* PLDiscoverCell.m */,
				76BE3E241F468FDE00357DB0 /* PLSectionCell.h */,
				76BE3E251F468FDE00357DB0 /* PLSectionCell.m */,
				76BE3E271F468FEF00357DB0 /* PLView.h */,
				76BE3E281F468FEF00357DB0 /* PLView.m */,
				76BE3E411F46957900357DB0 /* TeamView.h */,
				76BE3E421F46957900357DB0 /* TeamView.m */,
				76BE3E2A1F46900D00357DB0 /* PLClubView.h */,
				76BE3E2B1F46900D00357DB0 /* PLClubView.m */,
				76BE3E2D1F46901F00357DB0 /* PLUserCell.h */,
				76BE3E2E1F46901F00357DB0 /* PLUserCell.m */,
				76BE3E301F46904500357DB0 /* PLCustomBtn.h */,
				76BE3E311F46904500357DB0 /* PLCustomBtn.m */,
			);
			name = View;
			sourceTree = "<group>";
		};
		76BE3DF01F4666D700357DB0 /* Model */ = {
			isa = PBXGroup;
			children = (
				76BE3DFA1F46679200357DB0 /* DiscoverModel.h */,
				76BE3DFB1F46679200357DB0 /* DiscoverModel.m */,
				76BE3DFD1F46684100357DB0 /* TeamModel.h */,
				76BE3DFE1F46684100357DB0 /* TeamModel.m */,
				76BE3E001F4668A100357DB0 /* UserInfoModel.h */,
				76BE3E011F4668A100357DB0 /* UserInfoModel.m */,
			);
			name = Model;
			sourceTree = "<group>";
		};
		76BE3DF11F4666E600357DB0 /* Controller */ = {
			isa = PBXGroup;
			children = (
				76C16E9A1F4A599E0097FC7C /* PLFriendTableViewController.h */,
				76C16E9B1F4A599E0097FC7C /* PLFriendTableViewController.m */,
			);
			name = Controller;
			sourceTree = "<group>";
		};
		76BE3DF31F46671F00357DB0 /* View */ = {
			isa = PBXGroup;
			children = (
				76C16EA31F4A5EBC0097FC7C /* PLButton.h */,
				76C16EA41F4A5EBC0097FC7C /* PLButton.m */,
				76C16EA61F4A5ED40097FC7C /* PLCustomView.h */,
				76C16EA71F4A5ED40097FC7C /* PLCustomView.m */,
				76C16EA91F4A5EE90097FC7C /* PLMessageCell.h */,
				76C16EAA1F4A5EE90097FC7C /* PLMessageCell.m */,
				76C16EAC1F4A5F050097FC7C /* PLScrollView.h */,
				76C16EAD1F4A5F050097FC7C /* PLScrollView.m */,
				76C16EAF1F4A5F190097FC7C /* PLShareView.h */,
				76C16EB01F4A5F190097FC7C /* PLShareView.m */,
			);
			name = View;
			sourceTree = "<group>";
		};
		76BE3DF41F46672500357DB0 /* Model */ = {
			isa = PBXGroup;
			children = (
				76BE3E031F46691700357DB0 /* PLListItem.h */,
				76BE3E041F46691700357DB0 /* PLListItem.m */,
				76BE3E061F46695600357DB0 /* PLMessageItem.h */,
				76BE3E071F46695600357DB0 /* PLMessageItem.m */,
			);
			name = Model;
			sourceTree = "<group>";
		};
		76BE3DF51F46673600357DB0 /* View */ = {
			isa = PBXGroup;
			children = (
				76C16ED21F4AA1C20097FC7C /* HeadView.h */,
				76C16ED31F4AA1C20097FC7C /* HeadView.m */,
			);
			name = View;
			sourceTree = "<group>";
		};
		76BE3DF61F46673C00357DB0 /* Controller */ = {
			isa = PBXGroup;
			children = (
				76C16ED51F4AA4860097FC7C /* PLMyTableViewController.h */,
				76C16ED61F4AA4860097FC7C /* PLMyTableViewController.m */,
			);
			name = Controller;
			sourceTree = "<group>";
		};
		76BE3DF71F46675300357DB0 /* Controller */ = {
			isa = PBXGroup;
			children = (
				76C16EDE1F4AA50F0097FC7C /* PLSettingController.h */,
				76C16EDF1F4AA50F0097FC7C /* PLSettingController.m */,
				76C16EE11F4AA5240097FC7C /* PLCacheController.h */,
				76C16EE21F4AA5240097FC7C /* PLCacheController.m */,
			);
			name = Controller;
			sourceTree = "<group>";
		};
		76BE3DF81F46675B00357DB0 /* View */ = {
			isa = PBXGroup;
			children = (
				76C16ED81F4AA4DA0097FC7C /* PLFootView.h */,
				76C16ED91F4AA4DA0097FC7C /* PLFootView.m */,
				76C16EDB1F4AA4EC0097FC7C /* PLSettingCell.h */,
				76C16EDC1F4AA4EC0097FC7C /* PLSettingCell.m */,
			);
			name = View;
			sourceTree = "<group>";
		};
		76BE3DF91F46676000357DB0 /* Model */ = {
			isa = PBXGroup;
			children = (
				76BE3E0C1F466B1700357DB0 /* SettingGroupItem.h */,
				76BE3E0D1F466B1700357DB0 /* SettingGroupItem.m */,
				76BE3E0F1F466B8F00357DB0 /* SettingItem.h */,
				76BE3E101F466B8F00357DB0 /* SettingItem.m */,
				76BE3E121F466C8E00357DB0 /* SettingSwichItem.h */,
				76BE3E131F466C8E00357DB0 /* SettingSwichItem.m */,
				76C16EE41F4AA9100097FC7C /* SettingArrowItem.h */,
				76C16EE51F4AA9100097FC7C /* SettingArrowItem.m */,
			);
			name = Model;
			sourceTree = "<group>";
		};
		76C16EB21F4A6D9B0097FC7C /* Controller */ = {
			isa = PBXGroup;
			children = (
				76C16EB41F4A6DFE0097FC7C /* PLBaseViewController.h */,
				76C16EB51F4A6DFE0097FC7C /* PLBaseViewController.m */,
				76C16EB71F4A6E190097FC7C /* PLContaintViewController.h */,
				76C16EB81F4A6E190097FC7C /* PLContaintViewController.m */,
				76C16EBA1F4A6E310097FC7C /* PLWebViewController.h */,
				76C16EBB1F4A6E310097FC7C /* PLWebViewController.m */,
				76C16EB31F4A6DA70097FC7C /* SubController */,
			);
			name = Controller;
			sourceTree = "<group>";
		};
		76C16EB31F4A6DA70097FC7C /* SubController */ = {
			isa = PBXGroup;
			children = (
				76C16EBD1F4A6E630097FC7C /* PLActivityTableViewController.h */,
				76C16EBE1F4A6E630097FC7C /* PLActivityTableViewController.m */,
				76C16EC01F4A6E8D0097FC7C /* PLCompetitionTableViewController.h */,
				76C16EC11F4A6E8D0097FC7C /* PLCompetitionTableViewController.m */,
				76C16EC31F4A6EA70097FC7C /* PLFunnyTableViewController.h */,
				76C16EC41F4A6EA70097FC7C /* PLFunnyTableViewController.m */,
				76C16EC61F4A6EC40097FC7C /* PLGoverTableViewController.h */,
				76C16EC71F4A6EC40097FC7C /* PLGoverTableViewController.m */,
				76C16EC91F4A6EDA0097FC7C /* PLMessageTableViewController.h */,
				76C16ECA1F4A6EDA0097FC7C /* PLMessageTableViewController.m */,
				76C16ECC1F4A6EF80097FC7C /* PLTacticTableViewController.h */,
				76C16ECD1F4A6EF80097FC7C /* PLTacticTableViewController.m */,
				76C16ECF1F4A6F130097FC7C /* PLVideoViewController.h */,
				76C16ED01F4A6F130097FC7C /* PLVideoViewController.m */,
			);
			name = SubController;
			sourceTree = "<group>";
		};
		76E52DAF1F455C7E007C574A = {
			isa = PBXGroup;
			children = (
				76E52DBA1F455C7E007C574A /* PL_LOL */,
				76E52DD41F455C7F007C574A /* PL_LOLTests */,
				76E52DDF1F455C7F007C574A /* PL_LOLUITests */,
				76E52DB91F455C7E007C574A /* Products */,
				47D3B1FE37C345F7EC3849BB /* Pods */,
				B26EB998DDCC162B04BB6EE2 /* Frameworks */,
			);
			sourceTree = "<group>";
		};
		76E52DB91F455C7E007C574A /* Products */ = {
			isa = PBXGroup;
			children = (
				76E52DB81F455C7E007C574A /* PL_LOL.app */,
				76E52DD11F455C7F007C574A /* PL_LOLTests.xctest */,
				76E52DDC1F455C7F007C574A /* PL_LOLUITests.xctest */,
			);
			name = Products;
			sourceTree = "<group>";
		};
		76E52DBA1F455C7E007C574A /* PL_LOL */ = {
			isa = PBXGroup;
			children = (
				76A340F41F45666D00639F68 /* Vistor(访客） */,
				76A340F51F45668C00639F68 /* Login(登录) */,
				76A340F61F4566AA00639F68 /* Discover(发现) */,
				76A340F71F4566BE00639F68 /* Friend(好友) */,
				76A340F81F4566D000639F68 /* Main(主要) */,
				76A340F91F4566E500639F68 /* Message(信息) */,
				76A340FA1F4566FB00639F68 /* My(我) */,
				76A340FB1F45670D00639F68 /* Setting(设置) */,
				76A340FC1F45671E00639F68 /* Tools(工具) */,
				76A340FE1F45675800639F68 /* Others(其它) */,
				76E52DBB1F455C7E007C574A /* Supporting Files */,
			);
			path = PL_LOL;
			sourceTree = "<group>";
		};
		76E52DBB1F455C7E007C574A /* Supporting Files */ = {
			isa = PBXGroup;
			children = (
				76E52DC41F455C7E007C574A /* Main.storyboard */,
				76A340F21F4565F500639F68 /* Assets.xcassets */,
				76E52DC91F455C7E007C574A /* LaunchScreen.storyboard */,
				76E52DCC1F455C7E007C574A /* Info.plist */,
				76E52DBC1F455C7E007C574A /* main.m */,
			);
			name = "Supporting Files";
			sourceTree = "<group>";
		};
		76E52DD41F455C7F007C574A /* PL_LOLTests */ = {
			isa = PBXGroup;
			children = (
				76E52DD51F455C7F007C574A /* PL_LOLTests.m */,
				76E52DD71F455C7F007C574A /* Info.plist */,
			);
			path = PL_LOLTests;
			sourceTree = "<group>";
		};
		76E52DDF1F455C7F007C574A /* PL_LOLUITests */ = {
			isa = PBXGroup;
			children = (
				76E52DE01F455C7F007C574A /* PL_LOLUITests.m */,
				76E52DE21F455C7F007C574A /* Info.plist */,
			);
			path = PL_LOLUITests;
			sourceTree = "<group>";
		};
		B26EB998DDCC162B04BB6EE2 /* Frameworks */ = {
			isa = PBXGroup;
			children = (
				6D7B0E4241E9EEF86EC28E0C /* libPods-PL_LOL.a */,
				D0B1DD30AFF4E34A3C5DCC81 /* libPods-PL_LOLTests.a */,
				30F20FA95602052581141521 /* libPods-PL_LOLUITests.a */,
			);
			name = Frameworks;
			sourceTree = "<group>";
		};
/* End PBXGroup section */

/* Begin PBXNativeTarget section */
		76E52DB71F455C7E007C574A /* PL_LOL */ = {
			isa = PBXNativeTarget;
			buildConfigurationList = 76E52DE51F455C7F007C574A /* Build configuration list for PBXNativeTarget "PL_LOL" */;
			buildPhases = (
				98DF33EA1D680CF66AE0E5C3 /* [CP] Check Pods Manifest.lock */,
				76E52DB41F455C7E007C574A /* Sources */,
				76E52DB51F455C7E007C574A /* Frameworks */,
				76E52DB61F455C7E007C574A /* Resources */,
				22A75BEC20A334C40DF5882A /* [CP] Embed Pods Frameworks */,
				A9F43A818410541C39208BE6 /* [CP] Copy Pods Resources */,
			);
			buildRules = (
			);
			dependencies = (
			);
			name = PL_LOL;
			productName = PL_LOL;
			productReference = 76E52DB81F455C7E007C574A /* PL_LOL.app */;
			productType = "com.apple.product-type.application";
		};
		76E52DD01F455C7F007C574A /* PL_LOLTests */ = {
			isa = PBXNativeTarget;
			buildConfigurationList = 76E52DE81F455C7F007C574A /* Build configuration list for PBXNativeTarget "PL_LOLTests" */;
			buildPhases = (
				747AC1852E2934F026DA635A /* [CP] Check Pods Manifest.lock */,
				76E52DCD1F455C7F007C574A /* Sources */,
				76E52DCE1F455C7F007C574A /* Frameworks */,
				76E52DCF1F455C7F007C574A /* Resources */,
				6078E8261E09FC05047D37B4 /* [CP] Embed Pods Frameworks */,
				57BB53FD79C8B2DD9856C360 /* [CP] Copy Pods Resources */,
			);
			buildRules = (
			);
			dependencies = (
				76E52DD31F455C7F007C574A /* PBXTargetDependency */,
			);
			name = PL_LOLTests;
			productName = PL_LOLTests;
			productReference = 76E52DD11F455C7F007C574A /* PL_LOLTests.xctest */;
			productType = "com.apple.product-type.bundle.unit-test";
		};
		76E52DDB1F455C7F007C574A /* PL_LOLUITests */ = {
			isa = PBXNativeTarget;
			buildConfigurationList = 76E52DEB1F455C7F007C574A /* Build configuration list for PBXNativeTarget "PL_LOLUITests" */;
			buildPhases = (
				9D015BC50B9F4E16F37B843D /* [CP] Check Pods Manifest.lock */,
				76E52DD81F455C7F007C574A /* Sources */,
				76E52DD91F455C7F007C574A /* Frameworks */,
				76E52DDA1F455C7F007C574A /* Resources */,
				6B7B1A079ED6DB2E15B00388 /* [CP] Embed Pods Frameworks */,
				4DBFBDAAD02D6B652A54EDF2 /* [CP] Copy Pods Resources */,
			);
			buildRules = (
			);
			dependencies = (
				76E52DDE1F455C7F007C574A /* PBXTargetDependency */,
			);
			name = PL_LOLUITests;
			productName = PL_LOLUITests;
			productReference = 76E52DDC1F455C7F007C574A /* PL_LOLUITests.xctest */;
			productType = "com.apple.product-type.bundle.ui-testing";
		};
/* End PBXNativeTarget section */

/* Begin PBXProject section */
		76E52DB01F455C7E007C574A /* Project object */ = {
			isa = PBXProject;
			attributes = {
				LastUpgradeCheck = 0830;
				ORGANIZATIONNAME = PengLiang;
				TargetAttributes = {
					76E52DB71F455C7E007C574A = {
						CreatedOnToolsVersion = 8.3.3;
						ProvisioningStyle = Automatic;
					};
					76E52DD01F455C7F007C574A = {
						CreatedOnToolsVersion = 8.3.3;
						ProvisioningStyle = Automatic;
						TestTargetID = 76E52DB71F455C7E007C574A;
					};
					76E52DDB1F455C7F007C574A = {
						CreatedOnToolsVersion = 8.3.3;
						ProvisioningStyle = Automatic;
						TestTargetID = 76E52DB71F455C7E007C574A;
					};
				};
			};
			buildConfigurationList = 76E52DB31F455C7E007C574A /* Build configuration list for PBXProject "PL_LOL" */;
			compatibilityVersion = "Xcode 3.2";
			developmentRegion = English;
			hasScannedForEncodings = 0;
			knownRegions = (
				en,
				Base,
			);
			mainGroup = 76E52DAF1F455C7E007C574A;
			productRefGroup = 76E52DB91F455C7E007C574A /* Products */;
			projectDirPath = "";
			projectRoot = "";
			targets = (
				76E52DB71F455C7E007C574A /* PL_LOL */,
				76E52DD01F455C7F007C574A /* PL_LOLTests */,
				76E52DDB1F455C7F007C574A /* PL_LOLUITests */,
			);
		};
/* End PBXProject section */

/* Begin PBXResourcesBuildPhase section */
		76E52DB61F455C7E007C574A /* Resources */ = {
			isa = PBXResourcesBuildPhase;
			buildActionMask = 2147483647;
			files = (
				76E52DCB1F455C7E007C574A /* LaunchScreen.storyboard in Resources */,
				76A341411F45912F00639F68 /* API.plist in Resources */,
				76A340F31F4565F500639F68 /* Assets.xcassets in Resources */,
				76E52DC61F455C7E007C574A /* Main.storyboard in Resources */,
			);
			runOnlyForDeploymentPostprocessing = 0;
		};
		76E52DCF1F455C7F007C574A /* Resources */ = {
			isa = PBXResourcesBuildPhase;
			buildActionMask = 2147483647;
			files = (
			);
			runOnlyForDeploymentPostprocessing = 0;
		};
		76E52DDA1F455C7F007C574A /* Resources */ = {
			isa = PBXResourcesBuildPhase;
			buildActionMask = 2147483647;
			files = (
			);
			runOnlyForDeploymentPostprocessing = 0;
		};
/* End PBXResourcesBuildPhase section */

/* Begin PBXShellScriptBuildPhase section */
		22A75BEC20A334C40DF5882A /* [CP] Embed Pods Frameworks */ = {
			isa = PBXShellScriptBuildPhase;
			buildActionMask = 12;
			files = (
			);
			inputPaths = (
			);
			name = "[CP] Embed Pods Frameworks";
			outputPaths = (
			);
			runOnlyForDeploymentPostprocessing = 0;
			shellPath = /bin/sh;
			shellScript = "\"${SRCROOT}/Pods/Target Support Files/Pods-PL_LOL/Pods-PL_LOL-frameworks.sh\"\n";
			showEnvVarsInLog = 0;
		};
		4DBFBDAAD02D6B652A54EDF2 /* [CP] Copy Pods Resources */ = {
			isa = PBXShellScriptBuildPhase;
			buildActionMask = 2147483647;
			files = (
			);
			inputPaths = (
			);
			name = "[CP] Copy Pods Resources";
			outputPaths = (
			);
			runOnlyForDeploymentPostprocessing = 0;
			shellPath = /bin/sh;
			shellScript = "\"${SRCROOT}/Pods/Target Support Files/Pods-PL_LOLUITests/Pods-PL_LOLUITests-resources.sh\"\n";
			showEnvVarsInLog = 0;
		};
		57BB53FD79C8B2DD9856C360 /* [CP] Copy Pods Resources */ = {
			isa = PBXShellScriptBuildPhase;
			buildActionMask = 2147483647;
			files = (
			);
			inputPaths = (
			);
			name = "[CP] Copy Pods Resources";
			outputPaths = (
			);
			runOnlyForDeploymentPostprocessing = 0;
			shellPath = /bin/sh;
			shellScript = "\"${SRCROOT}/Pods/Target Support Files/Pods-PL_LOLTests/Pods-PL_LOLTests-resources.sh\"\n";
			showEnvVarsInLog = 0;
		};
		6078E8261E09FC05047D37B4 /* [CP] Embed Pods Frameworks */ = {
			isa = PBXShellScriptBuildPhase;
			buildActionMask = 2147483647;
			files = (
			);
			inputPaths = (
			);
			name = "[CP] Embed Pods Frameworks";
			outputPaths = (
			);
			runOnlyForDeploymentPostprocessing = 0;
			shellPath = /bin/sh;
			shellScript = "\"${SRCROOT}/Pods/Target Support Files/Pods-PL_LOLTests/Pods-PL_LOLTests-frameworks.sh\"\n";
			showEnvVarsInLog = 0;
		};
		6B7B1A079ED6DB2E15B00388 /* [CP] Embed Pods Frameworks */ = {
			isa = PBXShellScriptBuildPhase;
			buildActionMask = 2147483647;
			files = (
			);
			inputPaths = (
			);
			name = "[CP] Embed Pods Frameworks";
			outputPaths = (
			);
			runOnlyForDeploymentPostprocessing = 0;
			shellPath = /bin/sh;
			shellScript = "\"${SRCROOT}/Pods/Target Support Files/Pods-PL_LOLUITests/Pods-PL_LOLUITests-frameworks.sh\"\n";
			showEnvVarsInLog = 0;
		};
		747AC1852E2934F026DA635A /* [CP] Check Pods Manifest.lock */ = {
			isa = PBXShellScriptBuildPhase;
			buildActionMask = 2147483647;
			files = (
			);
			inputPaths = (
			);
			name = "[CP] Check Pods Manifest.lock";
			outputPaths = (
			);
			runOnlyForDeploymentPostprocessing = 0;
			shellPath = /bin/sh;
			shellScript = "diff \"${PODS_PODFILE_DIR_PATH}/Podfile.lock\" \"${PODS_ROOT}/Manifest.lock\" > /dev/null\nif [ $? != 0 ] ; then\n    # print error to STDERR\n    echo \"error: The sandbox is not in sync with the Podfile.lock. Run 'pod install' or update your CocoaPods installation.\" >&2\n    exit 1\nfi\n";
			showEnvVarsInLog = 0;
		};
		98DF33EA1D680CF66AE0E5C3 /* [CP] Check Pods Manifest.lock */ = {
			isa = PBXShellScriptBuildPhase;
			buildActionMask = 2147483647;
			files = (
			);
			inputPaths = (
			);
			name = "[CP] Check Pods Manifest.lock";
			outputPaths = (
			);
			runOnlyForDeploymentPostprocessing = 0;
			shellPath = /bin/sh;
			shellScript = "diff \"${PODS_PODFILE_DIR_PATH}/Podfile.lock\" \"${PODS_ROOT}/Manifest.lock\" > /dev/null\nif [ $? != 0 ] ; then\n    # print error to STDERR\n    echo \"error: The sandbox is not in sync with the Podfile.lock. Run 'pod install' or update your CocoaPods installation.\" >&2\n    exit 1\nfi\n";
			showEnvVarsInLog = 0;
		};
		9D015BC50B9F4E16F37B843D /* [CP] Check Pods Manifest.lock */ = {
			isa = PBXShellScriptBuildPhase;
			buildActionMask = 2147483647;
			files = (
			);
			inputPaths = (
			);
			name = "[CP] Check Pods Manifest.lock";
			outputPaths = (
			);
			runOnlyForDeploymentPostprocessing = 0;
			shellPath = /bin/sh;
			shellScript = "diff \"${PODS_PODFILE_DIR_PATH}/Podfile.lock\" \"${PODS_ROOT}/Manifest.lock\" > /dev/null\nif [ $? != 0 ] ; then\n    # print error to STDERR\n    echo \"error: The sandbox is not in sync with the Podfile.lock. Run 'pod install' or update your CocoaPods installation.\" >&2\n    exit 1\nfi\n";
			showEnvVarsInLog = 0;
		};
		A9F43A818410541C39208BE6 /* [CP] Copy Pods Resources */ = {
			isa = PBXShellScriptBuildPhase;
			buildActionMask = 12;
			files = (
			);
			inputPaths = (
			);
			name = "[CP] Copy Pods Resources";
			outputPaths = (
			);
			runOnlyForDeploymentPostprocessing = 0;
			shellPath = /bin/sh;
			shellScript = "\"${SRCROOT}/Pods/Target Support Files/Pods-PL_LOL/Pods-PL_LOL-resources.sh\"\n";
			showEnvVarsInLog = 0;
		};
/* End PBXShellScriptBuildPhase section */

/* Begin PBXSourcesBuildPhase section */
		76E52DB41F455C7E007C574A /* Sources */ = {
			isa = PBXSourcesBuildPhase;
			buildActionMask = 2147483647;
			files = (
				76C16EDA1F4AA4DA0097FC7C /* PLFootView.m in Sources */,
				76BE3E141F466C8E00357DB0 /* SettingSwichItem.m in Sources */,
				76BE3E051F46691700357DB0 /* PLListItem.m in Sources */,
				76C16EE61F4AA9100097FC7C /* SettingArrowItem.m in Sources */,
				76C16E9F1F4A5ADE0097FC7C /* VistorView1.m in Sources */,
				76C16ED71F4AA4860097FC7C /* PLMyTableViewController.m in Sources */,
				76C16EB91F4A6E190097FC7C /* PLContaintViewController.m in Sources */,
				76BE3E431F46957900357DB0 /* TeamView.m in Sources */,
				76A341511F45914400639F68 /* UIView+Frame.m in Sources */,
				76BE3DED1F4665A500357DB0 /* TencentAccountModel.m in Sources */,
				76BE3E201F468F2500357DB0 /* PLTeamScrollView.m in Sources */,
				76BE3E171F466DF200357DB0 /* PLLoginBackViewController.m in Sources */,
				76A3414F1F45914400639F68 /* UIBarButtonItem+Extension.m in Sources */,
				76C16EB61F4A6DFE0097FC7C /* PLBaseViewController.m in Sources */,
				76BE3E081F46695600357DB0 /* PLMessageItem.m in Sources */,
				76C16EE01F4AA50F0097FC7C /* PLSettingController.m in Sources */,
				76C16ECB1F4A6EDA0097FC7C /* PLMessageTableViewController.m in Sources */,
				76A341501F45914400639F68 /* UIImage+RenderingMode.m in Sources */,
				76A341601F45932800639F68 /* CYRefreshTool.m in Sources */,
				76C16EBF1F4A6E630097FC7C /* PLActivityTableViewController.m in Sources */,
				76BE3E0E1F466B1700357DB0 /* SettingGroupItem.m in Sources */,
				76BE3E2F1F46901F00357DB0 /* PLUserCell.m in Sources */,
				76C81D811F46C8EC00D08CE4 /* PLPersonController.m in Sources */,
				76C16EAE1F4A5F050097FC7C /* PLScrollView.m in Sources */,
				76C16EAB1F4A5EE90097FC7C /* PLMessageCell.m in Sources */,
				76BE3E2C1F46900D00357DB0 /* PLClubView.m in Sources */,
				76A3415E1F45932800639F68 /* CYCacheTool.m in Sources */,
				76C16EC21F4A6E8D0097FC7C /* PLCompetitionTableViewController.m in Sources */,
				76A3414D1F45914400639F68 /* NSDate+time.m in Sources */,
				76C16ED41F4AA1C20097FC7C /* HeadView.m in Sources */,
				76BE3E021F4668A100357DB0 /* UserInfoModel.m in Sources */,
				76C81D7E1F46C8D500D08CE4 /* PLClubNowController.m in Sources */,
				76C16EDD1F4AA4EC0097FC7C /* PLSettingCell.m in Sources */,
				76C16EE31F4AA5240097FC7C /* PLCacheController.m in Sources */,
				76BE3E1A1F466E1C00357DB0 /* PLLoginViewController.m in Sources */,
				76A341611F45932800639F68 /* CYShareTool.m in Sources */,
				76C16EC81F4A6EC40097FC7C /* PLGoverTableViewController.m in Sources */,
				76A3415F1F45932800639F68 /* CYNetWorkTools.m in Sources */,
				76BE3DFF1F46684100357DB0 /* TeamModel.m in Sources */,
				76C16EA51F4A5EBC0097FC7C /* PLButton.m in Sources */,
				76A341541F4591DC00639F68 /* CYConst.m in Sources */,
				76BE3E231F468FC800357DB0 /* PLDiscoverCell.m in Sources */,
				76A3414E1F45914400639F68 /* NSMutableArray+array.m in Sources */,
				76BE3DFC1F46679200357DB0 /* DiscoverModel.m in Sources */,
				76A3416D1F4596A800639F68 /* VistorView.m in Sources */,
				76E52DC01F455C7E007C574A /* AppDelegate.m in Sources */,
				76C81D781F46C86800D08CE4 /* PLDiscoverTableViewController.m in Sources */,
				76C16ED11F4A6F130097FC7C /* PLVideoViewController.m in Sources */,
				76C16E9C1F4A599E0097FC7C /* PLFriendTableViewController.m in Sources */,
				76BE3E321F46904500357DB0 /* PLCustomBtn.m in Sources */,
				76C16EC51F4A6EA70097FC7C /* PLFunnyTableViewController.m in Sources */,
				76A341671F4593C200639F68 /* TabBarController.m in Sources */,
				76E52DBD1F455C7E007C574A /* main.m in Sources */,
				76C16EBC1F4A6E310097FC7C /* PLWebViewController.m in Sources */,
				76BE3E261F468FDE00357DB0 /* PLSectionCell.m in Sources */,
				76C81D7B1F46C89400D08CE4 /* PLBaseClubController.m in Sources */,
				76BE3E111F466B8F00357DB0 /* SettingItem.m in Sources */,
				76BE3E291F468FEF00357DB0 /* PLView.m in Sources */,
				76C16EB11F4A5F190097FC7C /* PLShareView.m in Sources */,
				76C16EA21F4A5AEA0097FC7C /* VistorView2.m in Sources */,
				76C16ECE1F4A6EF80097FC7C /* PLTacticTableViewController.m in Sources */,
				76BE3E1D1F466E2900357DB0 /* PLOtherLoginViewController.m in Sources */,
				76C16EA81F4A5ED40097FC7C /* PLCustomView.m in Sources */,
				76A341641F45937800639F68 /* NavigationController.m in Sources */,
				76A3416A1F45965000639F68 /* PLVisitorViewController.m in Sources */,
			);
			runOnlyForDeploymentPostprocessing = 0;
		};
		76E52DCD1F455C7F007C574A /* Sources */ = {
			isa = PBXSourcesBuildPhase;
			buildActionMask = 2147483647;
			files = (
				76E52DD61F455C7F007C574A /* PL_LOLTests.m in Sources */,
			);
			runOnlyForDeploymentPostprocessing = 0;
		};
		76E52DD81F455C7F007C574A /* Sources */ = {
			isa = PBXSourcesBuildPhase;
			buildActionMask = 2147483647;
			files = (
				76E52DE11F455C7F007C574A /* PL_LOLUITests.m in Sources */,
			);
			runOnlyForDeploymentPostprocessing = 0;
		};
/* End PBXSourcesBuildPhase section */

/* Begin PBXTargetDependency section */
		76E52DD31F455C7F007C574A /* PBXTargetDependency */ = {
			isa = PBXTargetDependency;
			target = 76E52DB71F455C7E007C574A /* PL_LOL */;
			targetProxy = 76E52DD21F455C7F007C574A /* PBXContainerItemProxy */;
		};
		76E52DDE1F455C7F007C574A /* PBXTargetDependency */ = {
			isa = PBXTargetDependency;
			target = 76E52DB71F455C7E007C574A /* PL_LOL */;
			targetProxy = 76E52DDD1F455C7F007C574A /* PBXContainerItemProxy */;
		};
/* End PBXTargetDependency section */

/* Begin PBXVariantGroup section */
		76E52DC41F455C7E007C574A /* Main.storyboard */ = {
			isa = PBXVariantGroup;
			children = (
				76E52DC51F455C7E007C574A /* Base */,
			);
			name = Main.storyboard;
			sourceTree = "<group>";
		};
		76E52DC91F455C7E007C574A /* LaunchScreen.storyboard */ = {
			isa = PBXVariantGroup;
			children = (
				76E52DCA1F455C7E007C574A /* Base */,
			);
			name = LaunchScreen.storyboard;
			sourceTree = "<group>";
		};
/* End PBXVariantGroup section */

/* Begin XCBuildConfiguration section */
		76E52DE31F455C7F007C574A /* Debug */ = {
			isa = XCBuildConfiguration;
			buildSettings = {
				ALWAYS_SEARCH_USER_PATHS = NO;
				CLANG_ANALYZER_NONNULL = YES;
				CLANG_ANALYZER_NUMBER_OBJECT_CONVERSION = YES_AGGRESSIVE;
				CLANG_CXX_LANGUAGE_STANDARD = "gnu++0x";
				CLANG_CXX_LIBRARY = "libc++";
				CLANG_ENABLE_MODULES = YES;
				CLANG_ENABLE_OBJC_ARC = YES;
				CLANG_WARN_BOOL_CONVERSION = YES;
				CLANG_WARN_CONSTANT_CONVERSION = YES;
				CLANG_WARN_DIRECT_OBJC_ISA_USAGE = YES_ERROR;
				CLANG_WARN_DOCUMENTATION_COMMENTS = YES;
				CLANG_WARN_EMPTY_BODY = YES;
				CLANG_WARN_ENUM_CONVERSION = YES;
				CLANG_WARN_INFINITE_RECURSION = YES;
				CLANG_WARN_INT_CONVERSION = YES;
				CLANG_WARN_OBJC_ROOT_CLASS = YES_ERROR;
				CLANG_WARN_SUSPICIOUS_MOVE = YES;
				CLANG_WARN_UNREACHABLE_CODE = YES;
				CLANG_WARN__DUPLICATE_METHOD_MATCH = YES;
				"CODE_SIGN_IDENTITY[sdk=iphoneos*]" = "iPhone Developer";
				COPY_PHASE_STRIP = NO;
				DEBUG_INFORMATION_FORMAT = dwarf;
				ENABLE_STRICT_OBJC_MSGSEND = YES;
				ENABLE_TESTABILITY = YES;
				GCC_C_LANGUAGE_STANDARD = gnu99;
				GCC_DYNAMIC_NO_PIC = NO;
				GCC_NO_COMMON_BLOCKS = YES;
				GCC_OPTIMIZATION_LEVEL = 0;
				GCC_PREPROCESSOR_DEFINITIONS = (
					"DEBUG=1",
					"$(inherited)",
				);
				GCC_WARN_64_TO_32_BIT_CONVERSION = YES;
				GCC_WARN_ABOUT_RETURN_TYPE = YES_ERROR;
				GCC_WARN_UNDECLARED_SELECTOR = YES;
				GCC_WARN_UNINITIALIZED_AUTOS = YES_AGGRESSIVE;
				GCC_WARN_UNUSED_FUNCTION = YES;
				GCC_WARN_UNUSED_VARIABLE = YES;
				IPHONEOS_DEPLOYMENT_TARGET = 10.3;
				MTL_ENABLE_DEBUG_INFO = YES;
				ONLY_ACTIVE_ARCH = YES;
				SDKROOT = iphoneos;
			};
			name = Debug;
		};
		76E52DE41F455C7F007C574A /* Release */ = {
			isa = XCBuildConfiguration;
			buildSettings = {
				ALWAYS_SEARCH_USER_PATHS = NO;
				CLANG_ANALYZER_NONNULL = YES;
				CLANG_ANALYZER_NUMBER_OBJECT_CONVERSION = YES_AGGRESSIVE;
				CLANG_CXX_LANGUAGE_STANDARD = "gnu++0x";
				CLANG_CXX_LIBRARY = "libc++";
				CLANG_ENABLE_MODULES = YES;
				CLANG_ENABLE_OBJC_ARC = YES;
				CLANG_WARN_BOOL_CONVERSION = YES;
				CLANG_WARN_CONSTANT_CONVERSION = YES;
				CLANG_WARN_DIRECT_OBJC_ISA_USAGE = YES_ERROR;
				CLANG_WARN_DOCUMENTATION_COMMENTS = YES;
				CLANG_WARN_EMPTY_BODY = YES;
				CLANG_WARN_ENUM_CONVERSION = YES;
				CLANG_WARN_INFINITE_RECURSION = YES;
				CLANG_WARN_INT_CONVERSION = YES;
				CLANG_WARN_OBJC_ROOT_CLASS = YES_ERROR;
				CLANG_WARN_SUSPICIOUS_MOVE = YES;
				CLANG_WARN_UNREACHABLE_CODE = YES;
				CLANG_WARN__DUPLICATE_METHOD_MATCH = YES;
				"CODE_SIGN_IDENTITY[sdk=iphoneos*]" = "iPhone Developer";
				COPY_PHASE_STRIP = NO;
				DEBUG_INFORMATION_FORMAT = "dwarf-with-dsym";
				ENABLE_NS_ASSERTIONS = NO;
				ENABLE_STRICT_OBJC_MSGSEND = YES;
				GCC_C_LANGUAGE_STANDARD = gnu99;
				GCC_NO_COMMON_BLOCKS = YES;
				GCC_WARN_64_TO_32_BIT_CONVERSION = YES;
				GCC_WARN_ABOUT_RETURN_TYPE = YES_ERROR;
				GCC_WARN_UNDECLARED_SELECTOR = YES;
				GCC_WARN_UNINITIALIZED_AUTOS = YES_AGGRESSIVE;
				GCC_WARN_UNUSED_FUNCTION = YES;
				GCC_WARN_UNUSED_VARIABLE = YES;
				IPHONEOS_DEPLOYMENT_TARGET = 10.3;
				MTL_ENABLE_DEBUG_INFO = NO;
				SDKROOT = iphoneos;
				VALIDATE_PRODUCT = YES;
			};
			name = Release;
		};
		76E52DE61F455C7F007C574A /* Debug */ = {
			isa = XCBuildConfiguration;
			baseConfigurationReference = 252769E3E995B0102FE070CC /* Pods-PL_LOL.debug.xcconfig */;
			buildSettings = {
				ASSETCATALOG_COMPILER_APPICON_NAME = AppIcon;
				ENABLE_BITCODE = NO;
				GCC_PREFIX_HEADER = "PL_LOL/Others(其它)/PrefixHeader.pch";
				INFOPLIST_FILE = PL_LOL/Info.plist;
				IPHONEOS_DEPLOYMENT_TARGET = 8.2;
				LD_RUNPATH_SEARCH_PATHS = "$(inherited) @executable_path/Frameworks";
				PRODUCT_BUNDLE_IDENTIFIER = "PL.PL-LOL";
				PRODUCT_NAME = "$(TARGET_NAME)";
				VALID_ARCHS = "arm64 armv7 armv7s";
			};
			name = Debug;
		};
		76E52DE71F455C7F007C574A /* Release */ = {
			isa = XCBuildConfiguration;
			baseConfigurationReference = 4886C031663D54B5682B3BA9 /* Pods-PL_LOL.release.xcconfig */;
			buildSettings = {
				ASSETCATALOG_COMPILER_APPICON_NAME = AppIcon;
				ENABLE_BITCODE = NO;
				GCC_PREFIX_HEADER = "PL_LOL/Others(其它)/PrefixHeader.pch";
				INFOPLIST_FILE = PL_LOL/Info.plist;
				IPHONEOS_DEPLOYMENT_TARGET = 8.2;
				LD_RUNPATH_SEARCH_PATHS = "$(inherited) @executable_path/Frameworks";
				PRODUCT_BUNDLE_IDENTIFIER = "PL.PL-LOL";
				PRODUCT_NAME = "$(TARGET_NAME)";
				VALID_ARCHS = "arm64 armv7 armv7s";
			};
			name = Release;
		};
		76E52DE91F455C7F007C574A /* Debug */ = {
			isa = XCBuildConfiguration;
			baseConfigurationReference = E6875578462569A800AE3A6B /* Pods-PL_LOLTests.debug.xcconfig */;
			buildSettings = {
				BUNDLE_LOADER = "$(TEST_HOST)";
				INFOPLIST_FILE = PL_LOLTests/Info.plist;
				LD_RUNPATH_SEARCH_PATHS = "$(inherited) @executable_path/Frameworks @loader_path/Frameworks";
				PRODUCT_BUNDLE_IDENTIFIER = "PL.PL-LOLTests";
				PRODUCT_NAME = "$(TARGET_NAME)";
				TEST_HOST = "$(BUILT_PRODUCTS_DIR)/PL_LOL.app/PL_LOL";
			};
			name = Debug;
		};
		76E52DEA1F455C7F007C574A /* Release */ = {
			isa = XCBuildConfiguration;
			baseConfigurationReference = 81E1A4A2D845CC1B324F9E61 /* Pods-PL_LOLTests.release.xcconfig */;
			buildSettings = {
				BUNDLE_LOADER = "$(TEST_HOST)";
				INFOPLIST_FILE = PL_LOLTests/Info.plist;
				LD_RUNPATH_SEARCH_PATHS = "$(inherited) @executable_path/Frameworks @loader_path/Frameworks";
				PRODUCT_BUNDLE_IDENTIFIER = "PL.PL-LOLTests";
				PRODUCT_NAME = "$(TARGET_NAME)";
				TEST_HOST = "$(BUILT_PRODUCTS_DIR)/PL_LOL.app/PL_LOL";
			};
			name = Release;
		};
		76E52DEC1F455C7F007C574A /* Debug */ = {
			isa = XCBuildConfiguration;
			baseConfigurationReference = 63C87F0C355F66423A4AB9E0 /* Pods-PL_LOLUITests.debug.xcconfig */;
			buildSettings = {
				INFOPLIST_FILE = PL_LOLUITests/Info.plist;
				LD_RUNPATH_SEARCH_PATHS = "$(inherited) @executable_path/Frameworks @loader_path/Frameworks";
				PRODUCT_BUNDLE_IDENTIFIER = "PL.PL-LOLUITests";
				PRODUCT_NAME = "$(TARGET_NAME)";
				TEST_TARGET_NAME = PL_LOL;
			};
			name = Debug;
		};
		76E52DED1F455C7F007C574A /* Release */ = {
			isa = XCBuildConfiguration;
			baseConfigurationReference = B1F5F103AA05BB2CFC423F6F /* Pods-PL_LOLUITests.release.xcconfig */;
			buildSettings = {
				INFOPLIST_FILE = PL_LOLUITests/Info.plist;
				LD_RUNPATH_SEARCH_PATHS = "$(inherited) @executable_path/Frameworks @loader_path/Frameworks";
				PRODUCT_BUNDLE_IDENTIFIER = "PL.PL-LOLUITests";
				PRODUCT_NAME = "$(TARGET_NAME)";
				TEST_TARGET_NAME = PL_LOL;
			};
			name = Release;
		};
/* End XCBuildConfiguration section */

/* Begin XCConfigurationList section */
		76E52DB31F455C7E007C574A /* Build configuration list for PBXProject "PL_LOL" */ = {
			isa = XCConfigurationList;
			buildConfigurations = (
				76E52DE31F455C7F007C574A /* Debug */,
				76E52DE41F455C7F007C574A /* Release */,
			);
			defaultConfigurationIsVisible = 0;
			defaultConfigurationName = Release;
		};
		76E52DE51F455C7F007C574A /* Build configuration list for PBXNativeTarget "PL_LOL" */ = {
			isa = XCConfigurationList;
			buildConfigurations = (
				76E52DE61F455C7F007C574A /* Debug */,
				76E52DE71F455C7F007C574A /* Release */,
			);
			defaultConfigurationIsVisible = 0;
			defaultConfigurationName = Release;
		};
		76E52DE81F455C7F007C574A /* Build configuration list for PBXNativeTarget "PL_LOLTests" */ = {
			isa = XCConfigurationList;
			buildConfigurations = (
				76E52DE91F455C7F007C574A /* Debug */,
				76E52DEA1F455C7F007C574A /* Release */,
			);
			defaultConfigurationIsVisible = 0;
			defaultConfigurationName = Release;
		};
		76E52DEB1F455C7F007C574A /* Build configuration list for PBXNativeTarget "PL_LOLUITests" */ = {
			isa = XCConfigurationList;
			buildConfigurations = (
				76E52DEC1F455C7F007C574A /* Debug */,
				76E52DED1F455C7F007C574A /* Release */,
			);
			defaultConfigurationIsVisible = 0;
			defaultConfigurationName = Release;
		};
/* End XCConfigurationList section */
	};
	rootObject = 76E52DB01F455C7E007C574A /* Project object */;
}
